
Microsoft Visual Studio Solution File, Format Version 12.00
# Visual Studio Version 17
VisualStudioVersion = 17.0.31903.59
MinimumVisualStudioVersion = 10.0.40219.1
Project("{2150E333-8FDC-42A3-9474-1A3956D46DE8}") = "src", "src", "{827E0CD3-B72D-47B6-A68D-7590B98EB39B}"
EndProject
Project("{2150E333-8FDC-42A3-9474-1A3956D46DE8}") = "test", "test", "{02EA681E-C7D8-13C7-8484-4AC65E1B71E8}"
EndProject
Project("{2150E333-8FDC-42A3-9474-1A3956D46DE8}") = "Portal", "Portal", "{5AA26F7A-A59F-4BBC-AFFA-A2F7C468659D}"
EndProject
Project("{2150E333-8FDC-42A3-9474-1A3956D46DE8}") = "Admin", "Admin", "{762407AC-D09F-4941-809E-83069ECF4CD2}"
EndProject
Project("{2150E333-8FDC-42A3-9474-1A3956D46DE8}") = "Crawler", "Crawler", "{28669453-0B70-49AA-9726-EAC3B6B6D636}"
EndProject
Project("{FAE04EC0-301F-11D3-BF4B-00C04F79EFBC}") = "NovelPlus.Admin.Host.Api", "src\Admin\NovelPlus.Admin.Host.Api\NovelPlus.Admin.Host.Api.csproj", "{9990E53E-DAE3-4101-8162-ACD013D0EFA3}"
EndProject
Project("{FAE04EC0-301F-11D3-BF4B-00C04F79EFBC}") = "NovelPlus.Admin.Service.Domain", "src\Admin\NovelPlus.Admin.Service.Domain\NovelPlus.Admin.Service.Domain.csproj", "{0BE959D1-A06A-49D0-AAAC-17C341942818}"
EndProject
Project("{FAE04EC0-301F-11D3-BF4B-00C04F79EFBC}") = "NovelPlus.Admin.Service.Application", "src\Admin\NovelPlus.Admin.Service.Application\NovelPlus.Admin.Service.Application.csproj", "{84F99C2E-3B0E-4046-B4B5-9951A22D6F68}"
EndProject
Project("{FAE04EC0-301F-11D3-BF4B-00C04F79EFBC}") = "NovelPlus.Crawler.Host.Api", "src\Crawler\NovelPlus.Crawler.Host.Api\NovelPlus.Crawler.Host.Api.csproj", "{5EB57204-9D2E-4E96-8064-6494E1C1855F}"
EndProject
Project("{FAE04EC0-301F-11D3-BF4B-00C04F79EFBC}") = "NovelPlus.Crawler.Service.Application", "src\Crawler\NovelPlus.Crawler.Service.Application\NovelPlus.Crawler.Service.Application.csproj", "{0B50A766-09B4-4053-AF33-5FA50D1FF96F}"
EndProject
Project("{FAE04EC0-301F-11D3-BF4B-00C04F79EFBC}") = "NovelPlus.Admin.Service.Infrastructure", "src\Admin\NovelPlus.Admin.Service.Infrastructure\NovelPlus.Admin.Service.Infrastructure.csproj", "{6CA77A81-60BE-D3E0-4F84-5C86084501D0}"
EndProject
Project("{FAE04EC0-301F-11D3-BF4B-00C04F79EFBC}") = "NovelPlus.Crawler.Service.Domain", "src\Crawler\NovelPlus.Crawler.Service.Domain\NovelPlus.Crawler.Service.Domain.csproj", "{04C26D6A-F30A-474C-9256-A2CCCF1CDFDA}"
EndProject
Project("{FAE04EC0-301F-11D3-BF4B-00C04F79EFBC}") = "NovelPlus.Crawler.Service.Infrastructure", "src\Crawler\NovelPlus.Crawler.Service.Infrastructure\NovelPlus.Crawler.Service.Infrastructure.csproj", "{82008114-B734-423A-8235-16ED10CDEA85}"
EndProject
Project("{FAE04EC0-301F-11D3-BF4B-00C04F79EFBC}") = "NovelPlus.Portal.Host.Api", "src\Portal\NovelPlus.Portal.Host.Api\NovelPlus.Portal.Host.Api.csproj", "{AE8FD574-90A5-4A3B-8A5F-D3B88AB1CB8C}"
EndProject
Project("{FAE04EC0-301F-11D3-BF4B-00C04F79EFBC}") = "NovelPlus.Portal.Service.Domain", "NovelPlus.Portal.Service.Domain\NovelPlus.Portal.Service.Domain.csproj", "{3B95A7DD-A5BD-45A1-B035-C5C14D234931}"
EndProject
Project("{FAE04EC0-301F-11D3-BF4B-00C04F79EFBC}") = "NovelPlus.Portal.Service.Application", "src\Portal\NovelPlus.Portal.Service.Application\NovelPlus.Portal.Service.Application.csproj", "{E2CD8104-0575-421B-A357-08DAC67FC696}"
EndProject
Project("{FAE04EC0-301F-11D3-BF4B-00C04F79EFBC}") = "NovelPlus.Portal.Service.Infrastructure", "src\Portal\NovelPlus.Portal.Service.Infrastructure\NovelPlus.Portal.Service.Infrastructure.csproj", "{3A75FB6F-7EB6-4556-AC10-51D567548F3A}"
EndProject
Project("{2150E333-8FDC-42A3-9474-1A3956D46DE8}") = "Shared", "Shared", "{AB302178-4307-480C-A1C1-271727C03C59}"
EndProject
Global
	GlobalSection(SolutionConfigurationPlatforms) = preSolution
		Debug|Any CPU = Debug|Any CPU
		Release|Any CPU = Release|Any CPU
	EndGlobalSection
	GlobalSection(ProjectConfigurationPlatforms) = postSolution
		{9990E53E-DAE3-4101-8162-ACD013D0EFA3}.Debug|Any CPU.ActiveCfg = Debug|Any CPU
		{9990E53E-DAE3-4101-8162-ACD013D0EFA3}.Debug|Any CPU.Build.0 = Debug|Any CPU
		{9990E53E-DAE3-4101-8162-ACD013D0EFA3}.Release|Any CPU.ActiveCfg = Release|Any CPU
		{9990E53E-DAE3-4101-8162-ACD013D0EFA3}.Release|Any CPU.Build.0 = Release|Any CPU
		{0BE959D1-A06A-49D0-AAAC-17C341942818}.Debug|Any CPU.ActiveCfg = Debug|Any CPU
		{0BE959D1-A06A-49D0-AAAC-17C341942818}.Debug|Any CPU.Build.0 = Debug|Any CPU
		{0BE959D1-A06A-49D0-AAAC-17C341942818}.Release|Any CPU.ActiveCfg = Release|Any CPU
		{0BE959D1-A06A-49D0-AAAC-17C341942818}.Release|Any CPU.Build.0 = Release|Any CPU
		{84F99C2E-3B0E-4046-B4B5-9951A22D6F68}.Debug|Any CPU.ActiveCfg = Debug|Any CPU
		{84F99C2E-3B0E-4046-B4B5-9951A22D6F68}.Debug|Any CPU.Build.0 = Debug|Any CPU
		{84F99C2E-3B0E-4046-B4B5-9951A22D6F68}.Release|Any CPU.ActiveCfg = Release|Any CPU
		{84F99C2E-3B0E-4046-B4B5-9951A22D6F68}.Release|Any CPU.Build.0 = Release|Any CPU
		{5EB57204-9D2E-4E96-8064-6494E1C1855F}.Debug|Any CPU.ActiveCfg = Debug|Any CPU
		{5EB57204-9D2E-4E96-8064-6494E1C1855F}.Debug|Any CPU.Build.0 = Debug|Any CPU
		{5EB57204-9D2E-4E96-8064-6494E1C1855F}.Release|Any CPU.ActiveCfg = Release|Any CPU
		{5EB57204-9D2E-4E96-8064-6494E1C1855F}.Release|Any CPU.Build.0 = Release|Any CPU
		{0B50A766-09B4-4053-AF33-5FA50D1FF96F}.Debug|Any CPU.ActiveCfg = Debug|Any CPU
		{0B50A766-09B4-4053-AF33-5FA50D1FF96F}.Debug|Any CPU.Build.0 = Debug|Any CPU
		{0B50A766-09B4-4053-AF33-5FA50D1FF96F}.Release|Any CPU.ActiveCfg = Release|Any CPU
		{0B50A766-09B4-4053-AF33-5FA50D1FF96F}.Release|Any CPU.Build.0 = Release|Any CPU
		{6CA77A81-60BE-D3E0-4F84-5C86084501D0}.Debug|Any CPU.ActiveCfg = Debug|Any CPU
		{6CA77A81-60BE-D3E0-4F84-5C86084501D0}.Debug|Any CPU.Build.0 = Debug|Any CPU
		{6CA77A81-60BE-D3E0-4F84-5C86084501D0}.Release|Any CPU.ActiveCfg = Release|Any CPU
		{6CA77A81-60BE-D3E0-4F84-5C86084501D0}.Release|Any CPU.Build.0 = Release|Any CPU
		{04C26D6A-F30A-474C-9256-A2CCCF1CDFDA}.Debug|Any CPU.ActiveCfg = Debug|Any CPU
		{04C26D6A-F30A-474C-9256-A2CCCF1CDFDA}.Debug|Any CPU.Build.0 = Debug|Any CPU
		{04C26D6A-F30A-474C-9256-A2CCCF1CDFDA}.Release|Any CPU.ActiveCfg = Release|Any CPU
		{04C26D6A-F30A-474C-9256-A2CCCF1CDFDA}.Release|Any CPU.Build.0 = Release|Any CPU
		{82008114-B734-423A-8235-16ED10CDEA85}.Debug|Any CPU.ActiveCfg = Debug|Any CPU
		{82008114-B734-423A-8235-16ED10CDEA85}.Debug|Any CPU.Build.0 = Debug|Any CPU
		{82008114-B734-423A-8235-16ED10CDEA85}.Release|Any CPU.ActiveCfg = Release|Any CPU
		{82008114-B734-423A-8235-16ED10CDEA85}.Release|Any CPU.Build.0 = Release|Any CPU
		{AE8FD574-90A5-4A3B-8A5F-D3B88AB1CB8C}.Debug|Any CPU.ActiveCfg = Debug|Any CPU
		{AE8FD574-90A5-4A3B-8A5F-D3B88AB1CB8C}.Debug|Any CPU.Build.0 = Debug|Any CPU
		{AE8FD574-90A5-4A3B-8A5F-D3B88AB1CB8C}.Release|Any CPU.ActiveCfg = Release|Any CPU
		{AE8FD574-90A5-4A3B-8A5F-D3B88AB1CB8C}.Release|Any CPU.Build.0 = Release|Any CPU
		{3B95A7DD-A5BD-45A1-B035-C5C14D234931}.Debug|Any CPU.ActiveCfg = Debug|Any CPU
		{3B95A7DD-A5BD-45A1-B035-C5C14D234931}.Debug|Any CPU.Build.0 = Debug|Any CPU
		{3B95A7DD-A5BD-45A1-B035-C5C14D234931}.Release|Any CPU.ActiveCfg = Release|Any CPU
		{3B95A7DD-A5BD-45A1-B035-C5C14D234931}.Release|Any CPU.Build.0 = Release|Any CPU
		{E2CD8104-0575-421B-A357-08DAC67FC696}.Debug|Any CPU.ActiveCfg = Debug|Any CPU
		{E2CD8104-0575-421B-A357-08DAC67FC696}.Debug|Any CPU.Build.0 = Debug|Any CPU
		{E2CD8104-0575-421B-A357-08DAC67FC696}.Release|Any CPU.ActiveCfg = Release|Any CPU
		{E2CD8104-0575-421B-A357-08DAC67FC696}.Release|Any CPU.Build.0 = Release|Any CPU
		{3A75FB6F-7EB6-4556-AC10-51D567548F3A}.Debug|Any CPU.ActiveCfg = Debug|Any CPU
		{3A75FB6F-7EB6-4556-AC10-51D567548F3A}.Debug|Any CPU.Build.0 = Debug|Any CPU
		{3A75FB6F-7EB6-4556-AC10-51D567548F3A}.Release|Any CPU.ActiveCfg = Release|Any CPU
		{3A75FB6F-7EB6-4556-AC10-51D567548F3A}.Release|Any CPU.Build.0 = Release|Any CPU
	EndGlobalSection
	GlobalSection(SolutionProperties) = preSolution
		HideSolutionNode = FALSE
	EndGlobalSection
	GlobalSection(NestedProjects) = preSolution
		{5AA26F7A-A59F-4BBC-AFFA-A2F7C468659D} = {827E0CD3-B72D-47B6-A68D-7590B98EB39B}
		{762407AC-D09F-4941-809E-83069ECF4CD2} = {827E0CD3-B72D-47B6-A68D-7590B98EB39B}
		{28669453-0B70-49AA-9726-EAC3B6B6D636} = {827E0CD3-B72D-47B6-A68D-7590B98EB39B}
		{9990E53E-DAE3-4101-8162-ACD013D0EFA3} = {762407AC-D09F-4941-809E-83069ECF4CD2}
		{0BE959D1-A06A-49D0-AAAC-17C341942818} = {762407AC-D09F-4941-809E-83069ECF4CD2}
		{84F99C2E-3B0E-4046-B4B5-9951A22D6F68} = {762407AC-D09F-4941-809E-83069ECF4CD2}
		{5EB57204-9D2E-4E96-8064-6494E1C1855F} = {28669453-0B70-49AA-9726-EAC3B6B6D636}
		{0B50A766-09B4-4053-AF33-5FA50D1FF96F} = {28669453-0B70-49AA-9726-EAC3B6B6D636}
		{6CA77A81-60BE-D3E0-4F84-5C86084501D0} = {762407AC-D09F-4941-809E-83069ECF4CD2}
		{04C26D6A-F30A-474C-9256-A2CCCF1CDFDA} = {28669453-0B70-49AA-9726-EAC3B6B6D636}
		{82008114-B734-423A-8235-16ED10CDEA85} = {28669453-0B70-49AA-9726-EAC3B6B6D636}
		{AE8FD574-90A5-4A3B-8A5F-D3B88AB1CB8C} = {5AA26F7A-A59F-4BBC-AFFA-A2F7C468659D}
		{3B95A7DD-A5BD-45A1-B035-C5C14D234931} = {5AA26F7A-A59F-4BBC-AFFA-A2F7C468659D}
		{E2CD8104-0575-421B-A357-08DAC67FC696} = {5AA26F7A-A59F-4BBC-AFFA-A2F7C468659D}
		{3A75FB6F-7EB6-4556-AC10-51D567548F3A} = {5AA26F7A-A59F-4BBC-AFFA-A2F7C468659D}
		{AB302178-4307-480C-A1C1-271727C03C59} = {827E0CD3-B72D-47B6-A68D-7590B98EB39B}
	EndGlobalSection
	GlobalSection(ExtensibilityGlobals) = postSolution
		SolutionGuid = {6B34F4E1-3976-4949-BC65-4900CE80F2C0}
	EndGlobalSection
EndGlobal
