
Microsoft Visual Studio Solution File, Format Version 12.00
# Visual Studio Version 17
VisualStudioVersion = 17.0.31903.59
MinimumVisualStudioVersion = 10.0.40219.1
Project("{2150E333-8FDC-42A3-9474-1A3956D46DE8}") = "src", "src", "{827E0CD3-B72D-47B6-A68D-7590B98EB39B}"
EndProject
Project("{FAE04EC0-301F-11D3-BF4B-00C04F79EFBC}") = "UserService.Tests", "test\UserService.Tests\UserService.Tests.csproj", "{DF1D384D-8C1E-41B0-A047-0E84FF5EE4F0}"
EndProject
Project("{2150E333-8FDC-42A3-9474-1A3956D46DE8}") = "test", "test", "{0C88DD14-F956-CE84-757C-A364CCF449FC}"
EndProject
Project("{FAE04EC0-301F-11D3-BF4B-00C04F79EFBC}") = "AuthorService.Tests", "test\AuthorService.Tests\AuthorService.Tests.csproj", "{BC6EB240-5C39-4CD7-804A-0EB0C53459D4}"
EndProject
Project("{FAE04EC0-301F-11D3-BF4B-00C04F79EFBC}") = "BookService.Tests", "test\BookService.Tests\BookService.Tests.csproj", "{36CB852B-84CD-423B-A46F-295CDC8286CE}"
EndProject
Project("{FAE04EC0-301F-11D3-BF4B-00C04F79EFBC}") = "PayService.Tests", "test\PayService.Tests\PayService.Tests.csproj", "{047FEB2E-5BAE-4746-88D7-48D10166CFD5}"
EndProject
Project("{FAE04EC0-301F-11D3-BF4B-00C04F79EFBC}") = "CrawlService.Tests", "test\CrawlService.Tests\CrawlService.Tests.csproj", "{5BD58FC1-B3D6-4FED-A530-ABD54E64CF29}"
EndProject
Project("{FAE04EC0-301F-11D3-BF4B-00C04F79EFBC}") = "FileService.Tests", "test\FileService.Tests\FileService.Tests.csproj", "{12C58C2E-CC00-43E7-88C4-CC73DAF551DF}"
EndProject
Project("{FAE04EC0-301F-11D3-BF4B-00C04F79EFBC}") = "ContentService.Tests", "test\ContentService.Tests\ContentService.Tests.csproj", "{1826BEA5-40AE-4A70-BC2A-212476BCEFA9}"
EndProject
Project("{FAE04EC0-301F-11D3-BF4B-00C04F79EFBC}") = "AdminService.Tests", "test\AdminService.Tests\AdminService.Tests.csproj", "{EBC001E7-FC1F-47A8-9BB7-2A13BED80176}"
EndProject
Project("{2150E333-8FDC-42A3-9474-1A3956D46DE8}") = "UserService", "UserService", "{CB753486-031C-08A7-C788-4C8CBC49DED1}"
EndProject
Project("{FAE04EC0-301F-11D3-BF4B-00C04F79EFBC}") = "UserService.Host.Api", "src\UserService\UserService.Host.Api\UserService.Host.Api.csproj", "{5140250B-F9C1-4B6C-B1D2-4B4B1E6A2EDF}"
EndProject
Project("{FAE04EC0-301F-11D3-BF4B-00C04F79EFBC}") = "UserService.Service.Application", "src\UserService\UserService.Service.Application\UserService.Service.Application.csproj", "{53AA9839-DC92-4A02-A4C1-05256D3E7161}"
EndProject
Project("{FAE04EC0-301F-11D3-BF4B-00C04F79EFBC}") = "UserService.Service.Domain", "src\UserService\UserService.Service.Domain\UserService.Service.Domain.csproj", "{6A424461-9B68-4E7D-9683-246D37EE471F}"
EndProject
Project("{FAE04EC0-301F-11D3-BF4B-00C04F79EFBC}") = "UserService.Service.Infrastructure", "src\UserService\UserService.Service.Infrastructure\UserService.Service.Infrastructure.csproj", "{90FB51A1-4210-442D-A435-5620EA7F5908}"
EndProject
Project("{2150E333-8FDC-42A3-9474-1A3956D46DE8}") = "AuthService", "AuthService", "{2AC20A46-3928-2638-2A2E-83B7FF2AF7AE}"
EndProject
Project("{FAE04EC0-301F-11D3-BF4B-00C04F79EFBC}") = "AuthService.Service.Domain", "src\AuthService\AuthService.Service.Domain\AuthService.Service.Domain.csproj", "{BD72CC92-A1E0-479E-8EA9-E1E9633A0703}"
EndProject
Project("{FAE04EC0-301F-11D3-BF4B-00C04F79EFBC}") = "AuthService.Service.Application", "src\AuthService\AuthService.Service.Application\AuthService.Service.Application.csproj", "{0DAF43E7-76B6-4AE3-97DB-4FCEB10A95DD}"
EndProject
Project("{FAE04EC0-301F-11D3-BF4B-00C04F79EFBC}") = "AuthService.Service.Infrastructure", "src\AuthService\AuthService.Service.Infrastructure\AuthService.Service.Infrastructure.csproj", "{E829C466-1D30-4500-9D1F-9B839623234F}"
EndProject
Project("{FAE04EC0-301F-11D3-BF4B-00C04F79EFBC}") = "AuthService.Host.Api", "src\AuthService\AuthService.Host.Api\AuthService.Host.Api.csproj", "{A2CE1B1D-96AD-4A12-843C-109482EC2E7F}"
EndProject
Project("{2150E333-8FDC-42A3-9474-1A3956D46DE8}") = "AuthorService", "AuthorService", "{848A0AEE-5F57-8082-52C5-B97E85BFE756}"
EndProject
Project("{FAE04EC0-301F-11D3-BF4B-00C04F79EFBC}") = "AuthorService.Service.Domain", "src\AuthorService\AuthorService.Service.Domain\AuthorService.Service.Domain.csproj", "{A126B555-2707-43B4-A7B9-943EA43EDAD0}"
EndProject
Project("{FAE04EC0-301F-11D3-BF4B-00C04F79EFBC}") = "AuthorService.Service.Application", "src\AuthorService\AuthorService.Service.Application\AuthorService.Service.Application.csproj", "{A2DB2E0B-A1AA-4C53-8D59-3748A09FEF76}"
EndProject
Project("{FAE04EC0-301F-11D3-BF4B-00C04F79EFBC}") = "AuthorService.Service.Infrastructure", "src\AuthorService\AuthorService.Service.Infrastructure\AuthorService.Service.Infrastructure.csproj", "{F0958CDD-8372-4CF7-849D-4FDD385EAA8C}"
EndProject
Project("{FAE04EC0-301F-11D3-BF4B-00C04F79EFBC}") = "AuthorService.Host.Api", "src\AuthorService\AuthorService.Host.Api\AuthorService.Host.Api.csproj", "{61C3E325-B9EE-4E4D-A4D9-4029B8AA65A6}"
EndProject
Project("{2150E333-8FDC-42A3-9474-1A3956D46DE8}") = "BookService", "BookService", "{7F46F4EB-47C5-36CB-8237-5C8B39174C27}"
EndProject
Project("{FAE04EC0-301F-11D3-BF4B-00C04F79EFBC}") = "BookService.Service.Domain", "src\BookService\BookService.Service.Domain\BookService.Service.Domain.csproj", "{772F6418-CE4D-4E16-A9F3-B8CD41DA0F97}"
EndProject
Project("{FAE04EC0-301F-11D3-BF4B-00C04F79EFBC}") = "BookService.Service.Application", "src\BookService\BookService.Service.Application\BookService.Service.Application.csproj", "{4E93E4C1-98D0-4B15-81B6-33B6E8870105}"
EndProject
Project("{FAE04EC0-301F-11D3-BF4B-00C04F79EFBC}") = "BookService.Service.Infrastructure", "src\BookService\BookService.Service.Infrastructure\BookService.Service.Infrastructure.csproj", "{4758E666-3D3A-40DA-9A80-0041B2C79B5B}"
EndProject
Project("{FAE04EC0-301F-11D3-BF4B-00C04F79EFBC}") = "BookService.Host.Api", "src\BookService\BookService.Host.Api\BookService.Host.Api.csproj", "{A33BAE5A-744A-4F8E-99FB-B7DB292B4192}"
EndProject
Project("{2150E333-8FDC-42A3-9474-1A3956D46DE8}") = "PayService", "PayService", "{99274A18-A133-6EB2-4A7F-B30A25E09DB3}"
EndProject
Project("{FAE04EC0-301F-11D3-BF4B-00C04F79EFBC}") = "PayService.Service.Domain", "src\PayService\PayService.Service.Domain\PayService.Service.Domain.csproj", "{F8D053A1-EB2D-4991-B200-FC13A7BEC5E0}"
EndProject
Project("{FAE04EC0-301F-11D3-BF4B-00C04F79EFBC}") = "PayService.Service.Application", "src\PayService\PayService.Service.Application\PayService.Service.Application.csproj", "{E30396AA-8E6D-4C2E-867D-10D6ED9E53B4}"
EndProject
Project("{FAE04EC0-301F-11D3-BF4B-00C04F79EFBC}") = "PayService.Service.Infrastructure", "src\PayService\PayService.Service.Infrastructure\PayService.Service.Infrastructure.csproj", "{B06CD7B0-EEF3-4E97-982F-561562543EF3}"
EndProject
Project("{FAE04EC0-301F-11D3-BF4B-00C04F79EFBC}") = "PayService.Host.Api", "src\PayService\PayService.Host.Api\PayService.Host.Api.csproj", "{8A3659A1-4A10-4B3F-95F4-16B7D5A17F6C}"
EndProject
Project("{2150E333-8FDC-42A3-9474-1A3956D46DE8}") = "CrawlService", "CrawlService", "{24E37062-DAB9-F185-465D-673388FE73BA}"
EndProject
Project("{FAE04EC0-301F-11D3-BF4B-00C04F79EFBC}") = "CrawlService.Service.Domain", "src\CrawlService\CrawlService.Service.Domain\CrawlService.Service.Domain.csproj", "{4541D291-F00B-4BB0-8F2C-DD0B1329E173}"
EndProject
Project("{FAE04EC0-301F-11D3-BF4B-00C04F79EFBC}") = "CrawlService.Service.Application", "src\CrawlService\CrawlService.Service.Application\CrawlService.Service.Application.csproj", "{C9CD6480-F25A-4283-9B86-4D767BCCB996}"
EndProject
Project("{FAE04EC0-301F-11D3-BF4B-00C04F79EFBC}") = "CrawlService.Service.Infrastructure", "src\CrawlService\CrawlService.Service.Infrastructure\CrawlService.Service.Infrastructure.csproj", "{5957E8E9-6CFD-4397-8EC3-6211AF89F7C0}"
EndProject
Project("{FAE04EC0-301F-11D3-BF4B-00C04F79EFBC}") = "CrawlService.Host.Api", "src\CrawlService\CrawlService.Host.Api\CrawlService.Host.Api.csproj", "{27BF9FDD-6CD1-4F35-9D7B-BBF56800A34F}"
EndProject
Project("{2150E333-8FDC-42A3-9474-1A3956D46DE8}") = "FileService", "FileService", "{45D3C3D5-F362-778A-3909-C047F512E689}"
EndProject
Project("{FAE04EC0-301F-11D3-BF4B-00C04F79EFBC}") = "FileService.Service.Domain", "src\FileService\FileService.Service.Domain\FileService.Service.Domain.csproj", "{7A368A44-666D-4241-9F9A-6C8FADA20439}"
EndProject
Project("{FAE04EC0-301F-11D3-BF4B-00C04F79EFBC}") = "FileService.Service.Application", "src\FileService\FileService.Service.Application\FileService.Service.Application.csproj", "{0BCF3AA1-C970-4D06-B80B-7D635E64B299}"
EndProject
Project("{FAE04EC0-301F-11D3-BF4B-00C04F79EFBC}") = "FileService.Service.Infrastructure", "src\FileService\FileService.Service.Infrastructure\FileService.Service.Infrastructure.csproj", "{CFC777E9-7969-4101-8ECA-C87D671007C5}"
EndProject
Project("{FAE04EC0-301F-11D3-BF4B-00C04F79EFBC}") = "FileService.Host.Api", "src\FileService\FileService.Host.Api\FileService.Host.Api.csproj", "{6CAAC398-5CFD-4173-9E3D-6CA0CFF1C088}"
EndProject
Project("{2150E333-8FDC-42A3-9474-1A3956D46DE8}") = "ContentService", "ContentService", "{8107E861-C280-C499-84CD-237218396494}"
EndProject
Project("{FAE04EC0-301F-11D3-BF4B-00C04F79EFBC}") = "ContentService.Service.Domain", "src\ContentService\ContentService.Service.Domain\ContentService.Service.Domain.csproj", "{EA84B9D6-DB35-4A56-8722-64B2061591BD}"
EndProject
Project("{FAE04EC0-301F-11D3-BF4B-00C04F79EFBC}") = "ContentService.Service.Application", "src\ContentService\ContentService.Service.Application\ContentService.Service.Application.csproj", "{75935733-A1C7-4460-804B-EF77A6653238}"
EndProject
Project("{FAE04EC0-301F-11D3-BF4B-00C04F79EFBC}") = "ContentService.Service.Infrastructure", "src\ContentService\ContentService.Service.Infrastructure\ContentService.Service.Infrastructure.csproj", "{6AFCB660-38BB-46AF-96A3-A68CA2499C96}"
EndProject
Project("{FAE04EC0-301F-11D3-BF4B-00C04F79EFBC}") = "ContentService.Host.Api", "src\ContentService\ContentService.Host.Api\ContentService.Host.Api.csproj", "{556EF4B0-3C19-4AD4-8DC7-99A06906FB98}"
EndProject
Project("{2150E333-8FDC-42A3-9474-1A3956D46DE8}") = "AdminService", "AdminService", "{194735AC-7206-37BA-0B2E-EAB889FCAC5C}"
EndProject
Project("{FAE04EC0-301F-11D3-BF4B-00C04F79EFBC}") = "AdminService.Service.Domain", "src\AdminService\AdminService.Service.Domain\AdminService.Service.Domain.csproj", "{33C974AB-261E-40B5-A3D7-5CF4E18D8D75}"
EndProject
Project("{FAE04EC0-301F-11D3-BF4B-00C04F79EFBC}") = "AdminService.Service.Application", "src\AdminService\AdminService.Service.Application\AdminService.Service.Application.csproj", "{1C02F7EB-5405-4C0A-B979-1CAB6B834344}"
EndProject
Project("{FAE04EC0-301F-11D3-BF4B-00C04F79EFBC}") = "AdminService.Service.Infrastructure", "src\AdminService\AdminService.Service.Infrastructure\AdminService.Service.Infrastructure.csproj", "{96968870-7C37-4494-851E-9BB000FBC453}"
EndProject
Project("{FAE04EC0-301F-11D3-BF4B-00C04F79EFBC}") = "AdminService.Host.Api", "src\AdminService\AdminService.Host.Api\AdminService.Host.Api.csproj", "{920FD7A8-D8D4-4582-BBC4-EB57E44192F3}"
EndProject
Global
	GlobalSection(SolutionConfigurationPlatforms) = preSolution
		Debug|Any CPU = Debug|Any CPU
		Debug|x64 = Debug|x64
		Debug|x86 = Debug|x86
		Release|Any CPU = Release|Any CPU
		Release|x64 = Release|x64
		Release|x86 = Release|x86
	EndGlobalSection
	GlobalSection(ProjectConfigurationPlatforms) = postSolution
		{DF1D384D-8C1E-41B0-A047-0E84FF5EE4F0}.Debug|Any CPU.ActiveCfg = Debug|Any CPU
		{DF1D384D-8C1E-41B0-A047-0E84FF5EE4F0}.Debug|Any CPU.Build.0 = Debug|Any CPU
		{DF1D384D-8C1E-41B0-A047-0E84FF5EE4F0}.Debug|x64.ActiveCfg = Debug|Any CPU
		{DF1D384D-8C1E-41B0-A047-0E84FF5EE4F0}.Debug|x64.Build.0 = Debug|Any CPU
		{DF1D384D-8C1E-41B0-A047-0E84FF5EE4F0}.Debug|x86.ActiveCfg = Debug|Any CPU
		{DF1D384D-8C1E-41B0-A047-0E84FF5EE4F0}.Debug|x86.Build.0 = Debug|Any CPU
		{DF1D384D-8C1E-41B0-A047-0E84FF5EE4F0}.Release|Any CPU.ActiveCfg = Release|Any CPU
		{DF1D384D-8C1E-41B0-A047-0E84FF5EE4F0}.Release|Any CPU.Build.0 = Release|Any CPU
		{DF1D384D-8C1E-41B0-A047-0E84FF5EE4F0}.Release|x64.ActiveCfg = Release|Any CPU
		{DF1D384D-8C1E-41B0-A047-0E84FF5EE4F0}.Release|x64.Build.0 = Release|Any CPU
		{DF1D384D-8C1E-41B0-A047-0E84FF5EE4F0}.Release|x86.ActiveCfg = Release|Any CPU
		{DF1D384D-8C1E-41B0-A047-0E84FF5EE4F0}.Release|x86.Build.0 = Release|Any CPU
		{BC6EB240-5C39-4CD7-804A-0EB0C53459D4}.Debug|Any CPU.ActiveCfg = Debug|Any CPU
		{BC6EB240-5C39-4CD7-804A-0EB0C53459D4}.Debug|Any CPU.Build.0 = Debug|Any CPU
		{BC6EB240-5C39-4CD7-804A-0EB0C53459D4}.Debug|x64.ActiveCfg = Debug|Any CPU
		{BC6EB240-5C39-4CD7-804A-0EB0C53459D4}.Debug|x64.Build.0 = Debug|Any CPU
		{BC6EB240-5C39-4CD7-804A-0EB0C53459D4}.Debug|x86.ActiveCfg = Debug|Any CPU
		{BC6EB240-5C39-4CD7-804A-0EB0C53459D4}.Debug|x86.Build.0 = Debug|Any CPU
		{BC6EB240-5C39-4CD7-804A-0EB0C53459D4}.Release|Any CPU.ActiveCfg = Release|Any CPU
		{BC6EB240-5C39-4CD7-804A-0EB0C53459D4}.Release|Any CPU.Build.0 = Release|Any CPU
		{BC6EB240-5C39-4CD7-804A-0EB0C53459D4}.Release|x64.ActiveCfg = Release|Any CPU
		{BC6EB240-5C39-4CD7-804A-0EB0C53459D4}.Release|x64.Build.0 = Release|Any CPU
		{BC6EB240-5C39-4CD7-804A-0EB0C53459D4}.Release|x86.ActiveCfg = Release|Any CPU
		{BC6EB240-5C39-4CD7-804A-0EB0C53459D4}.Release|x86.Build.0 = Release|Any CPU
		{36CB852B-84CD-423B-A46F-295CDC8286CE}.Debug|Any CPU.ActiveCfg = Debug|Any CPU
		{36CB852B-84CD-423B-A46F-295CDC8286CE}.Debug|Any CPU.Build.0 = Debug|Any CPU
		{36CB852B-84CD-423B-A46F-295CDC8286CE}.Debug|x64.ActiveCfg = Debug|Any CPU
		{36CB852B-84CD-423B-A46F-295CDC8286CE}.Debug|x64.Build.0 = Debug|Any CPU
		{36CB852B-84CD-423B-A46F-295CDC8286CE}.Debug|x86.ActiveCfg = Debug|Any CPU
		{36CB852B-84CD-423B-A46F-295CDC8286CE}.Debug|x86.Build.0 = Debug|Any CPU
		{36CB852B-84CD-423B-A46F-295CDC8286CE}.Release|Any CPU.ActiveCfg = Release|Any CPU
		{36CB852B-84CD-423B-A46F-295CDC8286CE}.Release|Any CPU.Build.0 = Release|Any CPU
		{36CB852B-84CD-423B-A46F-295CDC8286CE}.Release|x64.ActiveCfg = Release|Any CPU
		{36CB852B-84CD-423B-A46F-295CDC8286CE}.Release|x64.Build.0 = Release|Any CPU
		{36CB852B-84CD-423B-A46F-295CDC8286CE}.Release|x86.ActiveCfg = Release|Any CPU
		{36CB852B-84CD-423B-A46F-295CDC8286CE}.Release|x86.Build.0 = Release|Any CPU
		{047FEB2E-5BAE-4746-88D7-48D10166CFD5}.Debug|Any CPU.ActiveCfg = Debug|Any CPU
		{047FEB2E-5BAE-4746-88D7-48D10166CFD5}.Debug|Any CPU.Build.0 = Debug|Any CPU
		{047FEB2E-5BAE-4746-88D7-48D10166CFD5}.Debug|x64.ActiveCfg = Debug|Any CPU
		{047FEB2E-5BAE-4746-88D7-48D10166CFD5}.Debug|x64.Build.0 = Debug|Any CPU
		{047FEB2E-5BAE-4746-88D7-48D10166CFD5}.Debug|x86.ActiveCfg = Debug|Any CPU
		{047FEB2E-5BAE-4746-88D7-48D10166CFD5}.Debug|x86.Build.0 = Debug|Any CPU
		{047FEB2E-5BAE-4746-88D7-48D10166CFD5}.Release|Any CPU.ActiveCfg = Release|Any CPU
		{047FEB2E-5BAE-4746-88D7-48D10166CFD5}.Release|Any CPU.Build.0 = Release|Any CPU
		{047FEB2E-5BAE-4746-88D7-48D10166CFD5}.Release|x64.ActiveCfg = Release|Any CPU
		{047FEB2E-5BAE-4746-88D7-48D10166CFD5}.Release|x64.Build.0 = Release|Any CPU
		{047FEB2E-5BAE-4746-88D7-48D10166CFD5}.Release|x86.ActiveCfg = Release|Any CPU
		{047FEB2E-5BAE-4746-88D7-48D10166CFD5}.Release|x86.Build.0 = Release|Any CPU
		{5BD58FC1-B3D6-4FED-A530-ABD54E64CF29}.Debug|Any CPU.ActiveCfg = Debug|Any CPU
		{5BD58FC1-B3D6-4FED-A530-ABD54E64CF29}.Debug|Any CPU.Build.0 = Debug|Any CPU
		{5BD58FC1-B3D6-4FED-A530-ABD54E64CF29}.Debug|x64.ActiveCfg = Debug|Any CPU
		{5BD58FC1-B3D6-4FED-A530-ABD54E64CF29}.Debug|x64.Build.0 = Debug|Any CPU
		{5BD58FC1-B3D6-4FED-A530-ABD54E64CF29}.Debug|x86.ActiveCfg = Debug|Any CPU
		{5BD58FC1-B3D6-4FED-A530-ABD54E64CF29}.Debug|x86.Build.0 = Debug|Any CPU
		{5BD58FC1-B3D6-4FED-A530-ABD54E64CF29}.Release|Any CPU.ActiveCfg = Release|Any CPU
		{5BD58FC1-B3D6-4FED-A530-ABD54E64CF29}.Release|Any CPU.Build.0 = Release|Any CPU
		{5BD58FC1-B3D6-4FED-A530-ABD54E64CF29}.Release|x64.ActiveCfg = Release|Any CPU
		{5BD58FC1-B3D6-4FED-A530-ABD54E64CF29}.Release|x64.Build.0 = Release|Any CPU
		{5BD58FC1-B3D6-4FED-A530-ABD54E64CF29}.Release|x86.ActiveCfg = Release|Any CPU
		{5BD58FC1-B3D6-4FED-A530-ABD54E64CF29}.Release|x86.Build.0 = Release|Any CPU
		{12C58C2E-CC00-43E7-88C4-CC73DAF551DF}.Debug|Any CPU.ActiveCfg = Debug|Any CPU
		{12C58C2E-CC00-43E7-88C4-CC73DAF551DF}.Debug|Any CPU.Build.0 = Debug|Any CPU
		{12C58C2E-CC00-43E7-88C4-CC73DAF551DF}.Debug|x64.ActiveCfg = Debug|Any CPU
		{12C58C2E-CC00-43E7-88C4-CC73DAF551DF}.Debug|x64.Build.0 = Debug|Any CPU
		{12C58C2E-CC00-43E7-88C4-CC73DAF551DF}.Debug|x86.ActiveCfg = Debug|Any CPU
		{12C58C2E-CC00-43E7-88C4-CC73DAF551DF}.Debug|x86.Build.0 = Debug|Any CPU
		{12C58C2E-CC00-43E7-88C4-CC73DAF551DF}.Release|Any CPU.ActiveCfg = Release|Any CPU
		{12C58C2E-CC00-43E7-88C4-CC73DAF551DF}.Release|Any CPU.Build.0 = Release|Any CPU
		{12C58C2E-CC00-43E7-88C4-CC73DAF551DF}.Release|x64.ActiveCfg = Release|Any CPU
		{12C58C2E-CC00-43E7-88C4-CC73DAF551DF}.Release|x64.Build.0 = Release|Any CPU
		{12C58C2E-CC00-43E7-88C4-CC73DAF551DF}.Release|x86.ActiveCfg = Release|Any CPU
		{12C58C2E-CC00-43E7-88C4-CC73DAF551DF}.Release|x86.Build.0 = Release|Any CPU
		{1826BEA5-40AE-4A70-BC2A-212476BCEFA9}.Debug|Any CPU.ActiveCfg = Debug|Any CPU
		{1826BEA5-40AE-4A70-BC2A-212476BCEFA9}.Debug|Any CPU.Build.0 = Debug|Any CPU
		{1826BEA5-40AE-4A70-BC2A-212476BCEFA9}.Debug|x64.ActiveCfg = Debug|Any CPU
		{1826BEA5-40AE-4A70-BC2A-212476BCEFA9}.Debug|x64.Build.0 = Debug|Any CPU
		{1826BEA5-40AE-4A70-BC2A-212476BCEFA9}.Debug|x86.ActiveCfg = Debug|Any CPU
		{1826BEA5-40AE-4A70-BC2A-212476BCEFA9}.Debug|x86.Build.0 = Debug|Any CPU
		{1826BEA5-40AE-4A70-BC2A-212476BCEFA9}.Release|Any CPU.ActiveCfg = Release|Any CPU
		{1826BEA5-40AE-4A70-BC2A-212476BCEFA9}.Release|Any CPU.Build.0 = Release|Any CPU
		{1826BEA5-40AE-4A70-BC2A-212476BCEFA9}.Release|x64.ActiveCfg = Release|Any CPU
		{1826BEA5-40AE-4A70-BC2A-212476BCEFA9}.Release|x64.Build.0 = Release|Any CPU
		{1826BEA5-40AE-4A70-BC2A-212476BCEFA9}.Release|x86.ActiveCfg = Release|Any CPU
		{1826BEA5-40AE-4A70-BC2A-212476BCEFA9}.Release|x86.Build.0 = Release|Any CPU
		{EBC001E7-FC1F-47A8-9BB7-2A13BED80176}.Debug|Any CPU.ActiveCfg = Debug|Any CPU
		{EBC001E7-FC1F-47A8-9BB7-2A13BED80176}.Debug|Any CPU.Build.0 = Debug|Any CPU
		{EBC001E7-FC1F-47A8-9BB7-2A13BED80176}.Debug|x64.ActiveCfg = Debug|Any CPU
		{EBC001E7-FC1F-47A8-9BB7-2A13BED80176}.Debug|x64.Build.0 = Debug|Any CPU
		{EBC001E7-FC1F-47A8-9BB7-2A13BED80176}.Debug|x86.ActiveCfg = Debug|Any CPU
		{EBC001E7-FC1F-47A8-9BB7-2A13BED80176}.Debug|x86.Build.0 = Debug|Any CPU
		{EBC001E7-FC1F-47A8-9BB7-2A13BED80176}.Release|Any CPU.ActiveCfg = Release|Any CPU
		{EBC001E7-FC1F-47A8-9BB7-2A13BED80176}.Release|Any CPU.Build.0 = Release|Any CPU
		{EBC001E7-FC1F-47A8-9BB7-2A13BED80176}.Release|x64.ActiveCfg = Release|Any CPU
		{EBC001E7-FC1F-47A8-9BB7-2A13BED80176}.Release|x64.Build.0 = Release|Any CPU
		{EBC001E7-FC1F-47A8-9BB7-2A13BED80176}.Release|x86.ActiveCfg = Release|Any CPU
		{EBC001E7-FC1F-47A8-9BB7-2A13BED80176}.Release|x86.Build.0 = Release|Any CPU
		{5140250B-F9C1-4B6C-B1D2-4B4B1E6A2EDF}.Debug|Any CPU.ActiveCfg = Debug|Any CPU
		{5140250B-F9C1-4B6C-B1D2-4B4B1E6A2EDF}.Debug|Any CPU.Build.0 = Debug|Any CPU
		{5140250B-F9C1-4B6C-B1D2-4B4B1E6A2EDF}.Debug|x64.ActiveCfg = Debug|Any CPU
		{5140250B-F9C1-4B6C-B1D2-4B4B1E6A2EDF}.Debug|x64.Build.0 = Debug|Any CPU
		{5140250B-F9C1-4B6C-B1D2-4B4B1E6A2EDF}.Debug|x86.ActiveCfg = Debug|Any CPU
		{5140250B-F9C1-4B6C-B1D2-4B4B1E6A2EDF}.Debug|x86.Build.0 = Debug|Any CPU
		{5140250B-F9C1-4B6C-B1D2-4B4B1E6A2EDF}.Release|Any CPU.ActiveCfg = Release|Any CPU
		{5140250B-F9C1-4B6C-B1D2-4B4B1E6A2EDF}.Release|Any CPU.Build.0 = Release|Any CPU
		{5140250B-F9C1-4B6C-B1D2-4B4B1E6A2EDF}.Release|x64.ActiveCfg = Release|Any CPU
		{5140250B-F9C1-4B6C-B1D2-4B4B1E6A2EDF}.Release|x64.Build.0 = Release|Any CPU
		{5140250B-F9C1-4B6C-B1D2-4B4B1E6A2EDF}.Release|x86.ActiveCfg = Release|Any CPU
		{5140250B-F9C1-4B6C-B1D2-4B4B1E6A2EDF}.Release|x86.Build.0 = Release|Any CPU
		{53AA9839-DC92-4A02-A4C1-05256D3E7161}.Debug|Any CPU.ActiveCfg = Debug|Any CPU
		{53AA9839-DC92-4A02-A4C1-05256D3E7161}.Debug|Any CPU.Build.0 = Debug|Any CPU
		{53AA9839-DC92-4A02-A4C1-05256D3E7161}.Debug|x64.ActiveCfg = Debug|Any CPU
		{53AA9839-DC92-4A02-A4C1-05256D3E7161}.Debug|x64.Build.0 = Debug|Any CPU
		{53AA9839-DC92-4A02-A4C1-05256D3E7161}.Debug|x86.ActiveCfg = Debug|Any CPU
		{53AA9839-DC92-4A02-A4C1-05256D3E7161}.Debug|x86.Build.0 = Debug|Any CPU
		{53AA9839-DC92-4A02-A4C1-05256D3E7161}.Release|Any CPU.ActiveCfg = Release|Any CPU
		{53AA9839-DC92-4A02-A4C1-05256D3E7161}.Release|Any CPU.Build.0 = Release|Any CPU
		{53AA9839-DC92-4A02-A4C1-05256D3E7161}.Release|x64.ActiveCfg = Release|Any CPU
		{53AA9839-DC92-4A02-A4C1-05256D3E7161}.Release|x64.Build.0 = Release|Any CPU
		{53AA9839-DC92-4A02-A4C1-05256D3E7161}.Release|x86.ActiveCfg = Release|Any CPU
		{53AA9839-DC92-4A02-A4C1-05256D3E7161}.Release|x86.Build.0 = Release|Any CPU
		{BD72CC92-A1E0-479E-8EA9-E1E9633A0703}.Debug|Any CPU.ActiveCfg = Debug|Any CPU
		{BD72CC92-A1E0-479E-8EA9-E1E9633A0703}.Debug|Any CPU.Build.0 = Debug|Any CPU
		{BD72CC92-A1E0-479E-8EA9-E1E9633A0703}.Debug|x64.ActiveCfg = Debug|Any CPU
		{BD72CC92-A1E0-479E-8EA9-E1E9633A0703}.Debug|x64.Build.0 = Debug|Any CPU
		{BD72CC92-A1E0-479E-8EA9-E1E9633A0703}.Debug|x86.ActiveCfg = Debug|Any CPU
		{BD72CC92-A1E0-479E-8EA9-E1E9633A0703}.Debug|x86.Build.0 = Debug|Any CPU
		{BD72CC92-A1E0-479E-8EA9-E1E9633A0703}.Release|Any CPU.ActiveCfg = Release|Any CPU
		{BD72CC92-A1E0-479E-8EA9-E1E9633A0703}.Release|Any CPU.Build.0 = Release|Any CPU
		{BD72CC92-A1E0-479E-8EA9-E1E9633A0703}.Release|x64.ActiveCfg = Release|Any CPU
		{BD72CC92-A1E0-479E-8EA9-E1E9633A0703}.Release|x64.Build.0 = Release|Any CPU
		{BD72CC92-A1E0-479E-8EA9-E1E9633A0703}.Release|x86.ActiveCfg = Release|Any CPU
		{BD72CC92-A1E0-479E-8EA9-E1E9633A0703}.Release|x86.Build.0 = Release|Any CPU
		{0DAF43E7-76B6-4AE3-97DB-4FCEB10A95DD}.Debug|Any CPU.ActiveCfg = Debug|Any CPU
		{0DAF43E7-76B6-4AE3-97DB-4FCEB10A95DD}.Debug|Any CPU.Build.0 = Debug|Any CPU
		{0DAF43E7-76B6-4AE3-97DB-4FCEB10A95DD}.Debug|x64.ActiveCfg = Debug|Any CPU
		{0DAF43E7-76B6-4AE3-97DB-4FCEB10A95DD}.Debug|x64.Build.0 = Debug|Any CPU
		{0DAF43E7-76B6-4AE3-97DB-4FCEB10A95DD}.Debug|x86.ActiveCfg = Debug|Any CPU
		{0DAF43E7-76B6-4AE3-97DB-4FCEB10A95DD}.Debug|x86.Build.0 = Debug|Any CPU
		{0DAF43E7-76B6-4AE3-97DB-4FCEB10A95DD}.Release|Any CPU.ActiveCfg = Release|Any CPU
		{0DAF43E7-76B6-4AE3-97DB-4FCEB10A95DD}.Release|Any CPU.Build.0 = Release|Any CPU
		{0DAF43E7-76B6-4AE3-97DB-4FCEB10A95DD}.Release|x64.ActiveCfg = Release|Any CPU
		{0DAF43E7-76B6-4AE3-97DB-4FCEB10A95DD}.Release|x64.Build.0 = Release|Any CPU
		{0DAF43E7-76B6-4AE3-97DB-4FCEB10A95DD}.Release|x86.ActiveCfg = Release|Any CPU
		{0DAF43E7-76B6-4AE3-97DB-4FCEB10A95DD}.Release|x86.Build.0 = Release|Any CPU
		{E829C466-1D30-4500-9D1F-9B839623234F}.Debug|Any CPU.ActiveCfg = Debug|Any CPU
		{E829C466-1D30-4500-9D1F-9B839623234F}.Debug|Any CPU.Build.0 = Debug|Any CPU
		{E829C466-1D30-4500-9D1F-9B839623234F}.Debug|x64.ActiveCfg = Debug|Any CPU
		{E829C466-1D30-4500-9D1F-9B839623234F}.Debug|x64.Build.0 = Debug|Any CPU
		{E829C466-1D30-4500-9D1F-9B839623234F}.Debug|x86.ActiveCfg = Debug|Any CPU
		{E829C466-1D30-4500-9D1F-9B839623234F}.Debug|x86.Build.0 = Debug|Any CPU
		{E829C466-1D30-4500-9D1F-9B839623234F}.Release|Any CPU.ActiveCfg = Release|Any CPU
		{E829C466-1D30-4500-9D1F-9B839623234F}.Release|Any CPU.Build.0 = Release|Any CPU
		{E829C466-1D30-4500-9D1F-9B839623234F}.Release|x64.ActiveCfg = Release|Any CPU
		{E829C466-1D30-4500-9D1F-9B839623234F}.Release|x64.Build.0 = Release|Any CPU
		{E829C466-1D30-4500-9D1F-9B839623234F}.Release|x86.ActiveCfg = Release|Any CPU
		{E829C466-1D30-4500-9D1F-9B839623234F}.Release|x86.Build.0 = Release|Any CPU
		{A2CE1B1D-96AD-4A12-843C-109482EC2E7F}.Debug|Any CPU.ActiveCfg = Debug|Any CPU
		{A2CE1B1D-96AD-4A12-843C-109482EC2E7F}.Debug|Any CPU.Build.0 = Debug|Any CPU
		{A2CE1B1D-96AD-4A12-843C-109482EC2E7F}.Debug|x64.ActiveCfg = Debug|Any CPU
		{A2CE1B1D-96AD-4A12-843C-109482EC2E7F}.Debug|x64.Build.0 = Debug|Any CPU
		{A2CE1B1D-96AD-4A12-843C-109482EC2E7F}.Debug|x86.ActiveCfg = Debug|Any CPU
		{A2CE1B1D-96AD-4A12-843C-109482EC2E7F}.Debug|x86.Build.0 = Debug|Any CPU
		{A2CE1B1D-96AD-4A12-843C-109482EC2E7F}.Release|Any CPU.ActiveCfg = Release|Any CPU
		{A2CE1B1D-96AD-4A12-843C-109482EC2E7F}.Release|Any CPU.Build.0 = Release|Any CPU
		{A2CE1B1D-96AD-4A12-843C-109482EC2E7F}.Release|x64.ActiveCfg = Release|Any CPU
		{A2CE1B1D-96AD-4A12-843C-109482EC2E7F}.Release|x64.Build.0 = Release|Any CPU
		{A2CE1B1D-96AD-4A12-843C-109482EC2E7F}.Release|x86.ActiveCfg = Release|Any CPU
		{A2CE1B1D-96AD-4A12-843C-109482EC2E7F}.Release|x86.Build.0 = Release|Any CPU
		{A126B555-2707-43B4-A7B9-943EA43EDAD0}.Debug|Any CPU.ActiveCfg = Debug|Any CPU
		{A126B555-2707-43B4-A7B9-943EA43EDAD0}.Debug|Any CPU.Build.0 = Debug|Any CPU
		{A126B555-2707-43B4-A7B9-943EA43EDAD0}.Debug|x64.ActiveCfg = Debug|Any CPU
		{A126B555-2707-43B4-A7B9-943EA43EDAD0}.Debug|x64.Build.0 = Debug|Any CPU
		{A126B555-2707-43B4-A7B9-943EA43EDAD0}.Debug|x86.ActiveCfg = Debug|Any CPU
		{A126B555-2707-43B4-A7B9-943EA43EDAD0}.Debug|x86.Build.0 = Debug|Any CPU
		{A126B555-2707-43B4-A7B9-943EA43EDAD0}.Release|Any CPU.ActiveCfg = Release|Any CPU
		{A126B555-2707-43B4-A7B9-943EA43EDAD0}.Release|Any CPU.Build.0 = Release|Any CPU
		{A126B555-2707-43B4-A7B9-943EA43EDAD0}.Release|x64.ActiveCfg = Release|Any CPU
		{A126B555-2707-43B4-A7B9-943EA43EDAD0}.Release|x64.Build.0 = Release|Any CPU
		{A126B555-2707-43B4-A7B9-943EA43EDAD0}.Release|x86.ActiveCfg = Release|Any CPU
		{A126B555-2707-43B4-A7B9-943EA43EDAD0}.Release|x86.Build.0 = Release|Any CPU
		{A2DB2E0B-A1AA-4C53-8D59-3748A09FEF76}.Debug|Any CPU.ActiveCfg = Debug|Any CPU
		{A2DB2E0B-A1AA-4C53-8D59-3748A09FEF76}.Debug|Any CPU.Build.0 = Debug|Any CPU
		{A2DB2E0B-A1AA-4C53-8D59-3748A09FEF76}.Debug|x64.ActiveCfg = Debug|Any CPU
		{A2DB2E0B-A1AA-4C53-8D59-3748A09FEF76}.Debug|x64.Build.0 = Debug|Any CPU
		{A2DB2E0B-A1AA-4C53-8D59-3748A09FEF76}.Debug|x86.ActiveCfg = Debug|Any CPU
		{A2DB2E0B-A1AA-4C53-8D59-3748A09FEF76}.Debug|x86.Build.0 = Debug|Any CPU
		{A2DB2E0B-A1AA-4C53-8D59-3748A09FEF76}.Release|Any CPU.ActiveCfg = Release|Any CPU
		{A2DB2E0B-A1AA-4C53-8D59-3748A09FEF76}.Release|Any CPU.Build.0 = Release|Any CPU
		{A2DB2E0B-A1AA-4C53-8D59-3748A09FEF76}.Release|x64.ActiveCfg = Release|Any CPU
		{A2DB2E0B-A1AA-4C53-8D59-3748A09FEF76}.Release|x64.Build.0 = Release|Any CPU
		{A2DB2E0B-A1AA-4C53-8D59-3748A09FEF76}.Release|x86.ActiveCfg = Release|Any CPU
		{A2DB2E0B-A1AA-4C53-8D59-3748A09FEF76}.Release|x86.Build.0 = Release|Any CPU
		{F0958CDD-8372-4CF7-849D-4FDD385EAA8C}.Debug|Any CPU.ActiveCfg = Debug|Any CPU
		{F0958CDD-8372-4CF7-849D-4FDD385EAA8C}.Debug|Any CPU.Build.0 = Debug|Any CPU
		{F0958CDD-8372-4CF7-849D-4FDD385EAA8C}.Debug|x64.ActiveCfg = Debug|Any CPU
		{F0958CDD-8372-4CF7-849D-4FDD385EAA8C}.Debug|x64.Build.0 = Debug|Any CPU
		{F0958CDD-8372-4CF7-849D-4FDD385EAA8C}.Debug|x86.ActiveCfg = Debug|Any CPU
		{F0958CDD-8372-4CF7-849D-4FDD385EAA8C}.Debug|x86.Build.0 = Debug|Any CPU
		{F0958CDD-8372-4CF7-849D-4FDD385EAA8C}.Release|Any CPU.ActiveCfg = Release|Any CPU
		{F0958CDD-8372-4CF7-849D-4FDD385EAA8C}.Release|Any CPU.Build.0 = Release|Any CPU
		{F0958CDD-8372-4CF7-849D-4FDD385EAA8C}.Release|x64.ActiveCfg = Release|Any CPU
		{F0958CDD-8372-4CF7-849D-4FDD385EAA8C}.Release|x64.Build.0 = Release|Any CPU
		{F0958CDD-8372-4CF7-849D-4FDD385EAA8C}.Release|x86.ActiveCfg = Release|Any CPU
		{F0958CDD-8372-4CF7-849D-4FDD385EAA8C}.Release|x86.Build.0 = Release|Any CPU
		{61C3E325-B9EE-4E4D-A4D9-4029B8AA65A6}.Debug|Any CPU.ActiveCfg = Debug|Any CPU
		{61C3E325-B9EE-4E4D-A4D9-4029B8AA65A6}.Debug|Any CPU.Build.0 = Debug|Any CPU
		{61C3E325-B9EE-4E4D-A4D9-4029B8AA65A6}.Debug|x64.ActiveCfg = Debug|Any CPU
		{61C3E325-B9EE-4E4D-A4D9-4029B8AA65A6}.Debug|x64.Build.0 = Debug|Any CPU
		{61C3E325-B9EE-4E4D-A4D9-4029B8AA65A6}.Debug|x86.ActiveCfg = Debug|Any CPU
		{61C3E325-B9EE-4E4D-A4D9-4029B8AA65A6}.Debug|x86.Build.0 = Debug|Any CPU
		{61C3E325-B9EE-4E4D-A4D9-4029B8AA65A6}.Release|Any CPU.ActiveCfg = Release|Any CPU
		{61C3E325-B9EE-4E4D-A4D9-4029B8AA65A6}.Release|Any CPU.Build.0 = Release|Any CPU
		{61C3E325-B9EE-4E4D-A4D9-4029B8AA65A6}.Release|x64.ActiveCfg = Release|Any CPU
		{61C3E325-B9EE-4E4D-A4D9-4029B8AA65A6}.Release|x64.Build.0 = Release|Any CPU
		{61C3E325-B9EE-4E4D-A4D9-4029B8AA65A6}.Release|x86.ActiveCfg = Release|Any CPU
		{61C3E325-B9EE-4E4D-A4D9-4029B8AA65A6}.Release|x86.Build.0 = Release|Any CPU
		{772F6418-CE4D-4E16-A9F3-B8CD41DA0F97}.Debug|Any CPU.ActiveCfg = Debug|Any CPU
		{772F6418-CE4D-4E16-A9F3-B8CD41DA0F97}.Debug|Any CPU.Build.0 = Debug|Any CPU
		{772F6418-CE4D-4E16-A9F3-B8CD41DA0F97}.Debug|x64.ActiveCfg = Debug|Any CPU
		{772F6418-CE4D-4E16-A9F3-B8CD41DA0F97}.Debug|x64.Build.0 = Debug|Any CPU
		{772F6418-CE4D-4E16-A9F3-B8CD41DA0F97}.Debug|x86.ActiveCfg = Debug|Any CPU
		{772F6418-CE4D-4E16-A9F3-B8CD41DA0F97}.Debug|x86.Build.0 = Debug|Any CPU
		{772F6418-CE4D-4E16-A9F3-B8CD41DA0F97}.Release|Any CPU.ActiveCfg = Release|Any CPU
		{772F6418-CE4D-4E16-A9F3-B8CD41DA0F97}.Release|Any CPU.Build.0 = Release|Any CPU
		{772F6418-CE4D-4E16-A9F3-B8CD41DA0F97}.Release|x64.ActiveCfg = Release|Any CPU
		{772F6418-CE4D-4E16-A9F3-B8CD41DA0F97}.Release|x64.Build.0 = Release|Any CPU
		{772F6418-CE4D-4E16-A9F3-B8CD41DA0F97}.Release|x86.ActiveCfg = Release|Any CPU
		{772F6418-CE4D-4E16-A9F3-B8CD41DA0F97}.Release|x86.Build.0 = Release|Any CPU
		{4E93E4C1-98D0-4B15-81B6-33B6E8870105}.Debug|Any CPU.ActiveCfg = Debug|Any CPU
		{4E93E4C1-98D0-4B15-81B6-33B6E8870105}.Debug|Any CPU.Build.0 = Debug|Any CPU
		{4E93E4C1-98D0-4B15-81B6-33B6E8870105}.Debug|x64.ActiveCfg = Debug|Any CPU
		{4E93E4C1-98D0-4B15-81B6-33B6E8870105}.Debug|x64.Build.0 = Debug|Any CPU
		{4E93E4C1-98D0-4B15-81B6-33B6E8870105}.Debug|x86.ActiveCfg = Debug|Any CPU
		{4E93E4C1-98D0-4B15-81B6-33B6E8870105}.Debug|x86.Build.0 = Debug|Any CPU
		{4E93E4C1-98D0-4B15-81B6-33B6E8870105}.Release|Any CPU.ActiveCfg = Release|Any CPU
		{4E93E4C1-98D0-4B15-81B6-33B6E8870105}.Release|Any CPU.Build.0 = Release|Any CPU
		{4E93E4C1-98D0-4B15-81B6-33B6E8870105}.Release|x64.ActiveCfg = Release|Any CPU
		{4E93E4C1-98D0-4B15-81B6-33B6E8870105}.Release|x64.Build.0 = Release|Any CPU
		{4E93E4C1-98D0-4B15-81B6-33B6E8870105}.Release|x86.ActiveCfg = Release|Any CPU
		{4E93E4C1-98D0-4B15-81B6-33B6E8870105}.Release|x86.Build.0 = Release|Any CPU
		{4758E666-3D3A-40DA-9A80-0041B2C79B5B}.Debug|Any CPU.ActiveCfg = Debug|Any CPU
		{4758E666-3D3A-40DA-9A80-0041B2C79B5B}.Debug|Any CPU.Build.0 = Debug|Any CPU
		{4758E666-3D3A-40DA-9A80-0041B2C79B5B}.Debug|x64.ActiveCfg = Debug|Any CPU
		{4758E666-3D3A-40DA-9A80-0041B2C79B5B}.Debug|x64.Build.0 = Debug|Any CPU
		{4758E666-3D3A-40DA-9A80-0041B2C79B5B}.Debug|x86.ActiveCfg = Debug|Any CPU
		{4758E666-3D3A-40DA-9A80-0041B2C79B5B}.Debug|x86.Build.0 = Debug|Any CPU
		{4758E666-3D3A-40DA-9A80-0041B2C79B5B}.Release|Any CPU.ActiveCfg = Release|Any CPU
		{4758E666-3D3A-40DA-9A80-0041B2C79B5B}.Release|Any CPU.Build.0 = Release|Any CPU
		{4758E666-3D3A-40DA-9A80-0041B2C79B5B}.Release|x64.ActiveCfg = Release|Any CPU
		{4758E666-3D3A-40DA-9A80-0041B2C79B5B}.Release|x64.Build.0 = Release|Any CPU
		{4758E666-3D3A-40DA-9A80-0041B2C79B5B}.Release|x86.ActiveCfg = Release|Any CPU
		{4758E666-3D3A-40DA-9A80-0041B2C79B5B}.Release|x86.Build.0 = Release|Any CPU
		{A33BAE5A-744A-4F8E-99FB-B7DB292B4192}.Debug|Any CPU.ActiveCfg = Debug|Any CPU
		{A33BAE5A-744A-4F8E-99FB-B7DB292B4192}.Debug|Any CPU.Build.0 = Debug|Any CPU
		{A33BAE5A-744A-4F8E-99FB-B7DB292B4192}.Debug|x64.ActiveCfg = Debug|Any CPU
		{A33BAE5A-744A-4F8E-99FB-B7DB292B4192}.Debug|x64.Build.0 = Debug|Any CPU
		{A33BAE5A-744A-4F8E-99FB-B7DB292B4192}.Debug|x86.ActiveCfg = Debug|Any CPU
		{A33BAE5A-744A-4F8E-99FB-B7DB292B4192}.Debug|x86.Build.0 = Debug|Any CPU
		{A33BAE5A-744A-4F8E-99FB-B7DB292B4192}.Release|Any CPU.ActiveCfg = Release|Any CPU
		{A33BAE5A-744A-4F8E-99FB-B7DB292B4192}.Release|Any CPU.Build.0 = Release|Any CPU
		{A33BAE5A-744A-4F8E-99FB-B7DB292B4192}.Release|x64.ActiveCfg = Release|Any CPU
		{A33BAE5A-744A-4F8E-99FB-B7DB292B4192}.Release|x64.Build.0 = Release|Any CPU
		{A33BAE5A-744A-4F8E-99FB-B7DB292B4192}.Release|x86.ActiveCfg = Release|Any CPU
		{A33BAE5A-744A-4F8E-99FB-B7DB292B4192}.Release|x86.Build.0 = Release|Any CPU
		{F8D053A1-EB2D-4991-B200-FC13A7BEC5E0}.Debug|Any CPU.ActiveCfg = Debug|Any CPU
		{F8D053A1-EB2D-4991-B200-FC13A7BEC5E0}.Debug|Any CPU.Build.0 = Debug|Any CPU
		{F8D053A1-EB2D-4991-B200-FC13A7BEC5E0}.Debug|x64.ActiveCfg = Debug|Any CPU
		{F8D053A1-EB2D-4991-B200-FC13A7BEC5E0}.Debug|x64.Build.0 = Debug|Any CPU
		{F8D053A1-EB2D-4991-B200-FC13A7BEC5E0}.Debug|x86.ActiveCfg = Debug|Any CPU
		{F8D053A1-EB2D-4991-B200-FC13A7BEC5E0}.Debug|x86.Build.0 = Debug|Any CPU
		{F8D053A1-EB2D-4991-B200-FC13A7BEC5E0}.Release|Any CPU.ActiveCfg = Release|Any CPU
		{F8D053A1-EB2D-4991-B200-FC13A7BEC5E0}.Release|Any CPU.Build.0 = Release|Any CPU
		{F8D053A1-EB2D-4991-B200-FC13A7BEC5E0}.Release|x64.ActiveCfg = Release|Any CPU
		{F8D053A1-EB2D-4991-B200-FC13A7BEC5E0}.Release|x64.Build.0 = Release|Any CPU
		{F8D053A1-EB2D-4991-B200-FC13A7BEC5E0}.Release|x86.ActiveCfg = Release|Any CPU
		{F8D053A1-EB2D-4991-B200-FC13A7BEC5E0}.Release|x86.Build.0 = Release|Any CPU
		{E30396AA-8E6D-4C2E-867D-10D6ED9E53B4}.Debug|Any CPU.ActiveCfg = Debug|Any CPU
		{E30396AA-8E6D-4C2E-867D-10D6ED9E53B4}.Debug|Any CPU.Build.0 = Debug|Any CPU
		{E30396AA-8E6D-4C2E-867D-10D6ED9E53B4}.Debug|x64.ActiveCfg = Debug|Any CPU
		{E30396AA-8E6D-4C2E-867D-10D6ED9E53B4}.Debug|x64.Build.0 = Debug|Any CPU
		{E30396AA-8E6D-4C2E-867D-10D6ED9E53B4}.Debug|x86.ActiveCfg = Debug|Any CPU
		{E30396AA-8E6D-4C2E-867D-10D6ED9E53B4}.Debug|x86.Build.0 = Debug|Any CPU
		{E30396AA-8E6D-4C2E-867D-10D6ED9E53B4}.Release|Any CPU.ActiveCfg = Release|Any CPU
		{E30396AA-8E6D-4C2E-867D-10D6ED9E53B4}.Release|Any CPU.Build.0 = Release|Any CPU
		{E30396AA-8E6D-4C2E-867D-10D6ED9E53B4}.Release|x64.ActiveCfg = Release|Any CPU
		{E30396AA-8E6D-4C2E-867D-10D6ED9E53B4}.Release|x64.Build.0 = Release|Any CPU
		{E30396AA-8E6D-4C2E-867D-10D6ED9E53B4}.Release|x86.ActiveCfg = Release|Any CPU
		{E30396AA-8E6D-4C2E-867D-10D6ED9E53B4}.Release|x86.Build.0 = Release|Any CPU
		{B06CD7B0-EEF3-4E97-982F-561562543EF3}.Debug|Any CPU.ActiveCfg = Debug|Any CPU
		{B06CD7B0-EEF3-4E97-982F-561562543EF3}.Debug|Any CPU.Build.0 = Debug|Any CPU
		{B06CD7B0-EEF3-4E97-982F-561562543EF3}.Debug|x64.ActiveCfg = Debug|Any CPU
		{B06CD7B0-EEF3-4E97-982F-561562543EF3}.Debug|x64.Build.0 = Debug|Any CPU
		{B06CD7B0-EEF3-4E97-982F-561562543EF3}.Debug|x86.ActiveCfg = Debug|Any CPU
		{B06CD7B0-EEF3-4E97-982F-561562543EF3}.Debug|x86.Build.0 = Debug|Any CPU
		{B06CD7B0-EEF3-4E97-982F-561562543EF3}.Release|Any CPU.ActiveCfg = Release|Any CPU
		{B06CD7B0-EEF3-4E97-982F-561562543EF3}.Release|Any CPU.Build.0 = Release|Any CPU
		{B06CD7B0-EEF3-4E97-982F-561562543EF3}.Release|x64.ActiveCfg = Release|Any CPU
		{B06CD7B0-EEF3-4E97-982F-561562543EF3}.Release|x64.Build.0 = Release|Any CPU
		{B06CD7B0-EEF3-4E97-982F-561562543EF3}.Release|x86.ActiveCfg = Release|Any CPU
		{B06CD7B0-EEF3-4E97-982F-561562543EF3}.Release|x86.Build.0 = Release|Any CPU
		{8A3659A1-4A10-4B3F-95F4-16B7D5A17F6C}.Debug|Any CPU.ActiveCfg = Debug|Any CPU
		{8A3659A1-4A10-4B3F-95F4-16B7D5A17F6C}.Debug|Any CPU.Build.0 = Debug|Any CPU
		{8A3659A1-4A10-4B3F-95F4-16B7D5A17F6C}.Debug|x64.ActiveCfg = Debug|Any CPU
		{8A3659A1-4A10-4B3F-95F4-16B7D5A17F6C}.Debug|x64.Build.0 = Debug|Any CPU
		{8A3659A1-4A10-4B3F-95F4-16B7D5A17F6C}.Debug|x86.ActiveCfg = Debug|Any CPU
		{8A3659A1-4A10-4B3F-95F4-16B7D5A17F6C}.Debug|x86.Build.0 = Debug|Any CPU
		{8A3659A1-4A10-4B3F-95F4-16B7D5A17F6C}.Release|Any CPU.ActiveCfg = Release|Any CPU
		{8A3659A1-4A10-4B3F-95F4-16B7D5A17F6C}.Release|Any CPU.Build.0 = Release|Any CPU
		{8A3659A1-4A10-4B3F-95F4-16B7D5A17F6C}.Release|x64.ActiveCfg = Release|Any CPU
		{8A3659A1-4A10-4B3F-95F4-16B7D5A17F6C}.Release|x64.Build.0 = Release|Any CPU
		{8A3659A1-4A10-4B3F-95F4-16B7D5A17F6C}.Release|x86.ActiveCfg = Release|Any CPU
		{8A3659A1-4A10-4B3F-95F4-16B7D5A17F6C}.Release|x86.Build.0 = Release|Any CPU
		{4541D291-F00B-4BB0-8F2C-DD0B1329E173}.Debug|Any CPU.ActiveCfg = Debug|Any CPU
		{4541D291-F00B-4BB0-8F2C-DD0B1329E173}.Debug|Any CPU.Build.0 = Debug|Any CPU
		{4541D291-F00B-4BB0-8F2C-DD0B1329E173}.Debug|x64.ActiveCfg = Debug|Any CPU
		{4541D291-F00B-4BB0-8F2C-DD0B1329E173}.Debug|x64.Build.0 = Debug|Any CPU
		{4541D291-F00B-4BB0-8F2C-DD0B1329E173}.Debug|x86.ActiveCfg = Debug|Any CPU
		{4541D291-F00B-4BB0-8F2C-DD0B1329E173}.Debug|x86.Build.0 = Debug|Any CPU
		{4541D291-F00B-4BB0-8F2C-DD0B1329E173}.Release|Any CPU.ActiveCfg = Release|Any CPU
		{4541D291-F00B-4BB0-8F2C-DD0B1329E173}.Release|Any CPU.Build.0 = Release|Any CPU
		{4541D291-F00B-4BB0-8F2C-DD0B1329E173}.Release|x64.ActiveCfg = Release|Any CPU
		{4541D291-F00B-4BB0-8F2C-DD0B1329E173}.Release|x64.Build.0 = Release|Any CPU
		{4541D291-F00B-4BB0-8F2C-DD0B1329E173}.Release|x86.ActiveCfg = Release|Any CPU
		{4541D291-F00B-4BB0-8F2C-DD0B1329E173}.Release|x86.Build.0 = Release|Any CPU
		{C9CD6480-F25A-4283-9B86-4D767BCCB996}.Debug|Any CPU.ActiveCfg = Debug|Any CPU
		{C9CD6480-F25A-4283-9B86-4D767BCCB996}.Debug|Any CPU.Build.0 = Debug|Any CPU
		{C9CD6480-F25A-4283-9B86-4D767BCCB996}.Debug|x64.ActiveCfg = Debug|Any CPU
		{C9CD6480-F25A-4283-9B86-4D767BCCB996}.Debug|x64.Build.0 = Debug|Any CPU
		{C9CD6480-F25A-4283-9B86-4D767BCCB996}.Debug|x86.ActiveCfg = Debug|Any CPU
		{C9CD6480-F25A-4283-9B86-4D767BCCB996}.Debug|x86.Build.0 = Debug|Any CPU
		{C9CD6480-F25A-4283-9B86-4D767BCCB996}.Release|Any CPU.ActiveCfg = Release|Any CPU
		{C9CD6480-F25A-4283-9B86-4D767BCCB996}.Release|Any CPU.Build.0 = Release|Any CPU
		{C9CD6480-F25A-4283-9B86-4D767BCCB996}.Release|x64.ActiveCfg = Release|Any CPU
		{C9CD6480-F25A-4283-9B86-4D767BCCB996}.Release|x64.Build.0 = Release|Any CPU
		{C9CD6480-F25A-4283-9B86-4D767BCCB996}.Release|x86.ActiveCfg = Release|Any CPU
		{C9CD6480-F25A-4283-9B86-4D767BCCB996}.Release|x86.Build.0 = Release|Any CPU
		{5957E8E9-6CFD-4397-8EC3-6211AF89F7C0}.Debug|Any CPU.ActiveCfg = Debug|Any CPU
		{5957E8E9-6CFD-4397-8EC3-6211AF89F7C0}.Debug|Any CPU.Build.0 = Debug|Any CPU
		{5957E8E9-6CFD-4397-8EC3-6211AF89F7C0}.Debug|x64.ActiveCfg = Debug|Any CPU
		{5957E8E9-6CFD-4397-8EC3-6211AF89F7C0}.Debug|x64.Build.0 = Debug|Any CPU
		{5957E8E9-6CFD-4397-8EC3-6211AF89F7C0}.Debug|x86.ActiveCfg = Debug|Any CPU
		{5957E8E9-6CFD-4397-8EC3-6211AF89F7C0}.Debug|x86.Build.0 = Debug|Any CPU
		{5957E8E9-6CFD-4397-8EC3-6211AF89F7C0}.Release|Any CPU.ActiveCfg = Release|Any CPU
		{5957E8E9-6CFD-4397-8EC3-6211AF89F7C0}.Release|Any CPU.Build.0 = Release|Any CPU
		{5957E8E9-6CFD-4397-8EC3-6211AF89F7C0}.Release|x64.ActiveCfg = Release|Any CPU
		{5957E8E9-6CFD-4397-8EC3-6211AF89F7C0}.Release|x64.Build.0 = Release|Any CPU
		{5957E8E9-6CFD-4397-8EC3-6211AF89F7C0}.Release|x86.ActiveCfg = Release|Any CPU
		{5957E8E9-6CFD-4397-8EC3-6211AF89F7C0}.Release|x86.Build.0 = Release|Any CPU
		{27BF9FDD-6CD1-4F35-9D7B-BBF56800A34F}.Debug|Any CPU.ActiveCfg = Debug|Any CPU
		{27BF9FDD-6CD1-4F35-9D7B-BBF56800A34F}.Debug|Any CPU.Build.0 = Debug|Any CPU
		{27BF9FDD-6CD1-4F35-9D7B-BBF56800A34F}.Debug|x64.ActiveCfg = Debug|Any CPU
		{27BF9FDD-6CD1-4F35-9D7B-BBF56800A34F}.Debug|x64.Build.0 = Debug|Any CPU
		{27BF9FDD-6CD1-4F35-9D7B-BBF56800A34F}.Debug|x86.ActiveCfg = Debug|Any CPU
		{27BF9FDD-6CD1-4F35-9D7B-BBF56800A34F}.Debug|x86.Build.0 = Debug|Any CPU
		{27BF9FDD-6CD1-4F35-9D7B-BBF56800A34F}.Release|Any CPU.ActiveCfg = Release|Any CPU
		{27BF9FDD-6CD1-4F35-9D7B-BBF56800A34F}.Release|Any CPU.Build.0 = Release|Any CPU
		{27BF9FDD-6CD1-4F35-9D7B-BBF56800A34F}.Release|x64.ActiveCfg = Release|Any CPU
		{27BF9FDD-6CD1-4F35-9D7B-BBF56800A34F}.Release|x64.Build.0 = Release|Any CPU
		{27BF9FDD-6CD1-4F35-9D7B-BBF56800A34F}.Release|x86.ActiveCfg = Release|Any CPU
		{27BF9FDD-6CD1-4F35-9D7B-BBF56800A34F}.Release|x86.Build.0 = Release|Any CPU
		{7A368A44-666D-4241-9F9A-6C8FADA20439}.Debug|Any CPU.ActiveCfg = Debug|Any CPU
		{7A368A44-666D-4241-9F9A-6C8FADA20439}.Debug|Any CPU.Build.0 = Debug|Any CPU
		{7A368A44-666D-4241-9F9A-6C8FADA20439}.Debug|x64.ActiveCfg = Debug|Any CPU
		{7A368A44-666D-4241-9F9A-6C8FADA20439}.Debug|x64.Build.0 = Debug|Any CPU
		{7A368A44-666D-4241-9F9A-6C8FADA20439}.Debug|x86.ActiveCfg = Debug|Any CPU
		{7A368A44-666D-4241-9F9A-6C8FADA20439}.Debug|x86.Build.0 = Debug|Any CPU
		{7A368A44-666D-4241-9F9A-6C8FADA20439}.Release|Any CPU.ActiveCfg = Release|Any CPU
		{7A368A44-666D-4241-9F9A-6C8FADA20439}.Release|Any CPU.Build.0 = Release|Any CPU
		{7A368A44-666D-4241-9F9A-6C8FADA20439}.Release|x64.ActiveCfg = Release|Any CPU
		{7A368A44-666D-4241-9F9A-6C8FADA20439}.Release|x64.Build.0 = Release|Any CPU
		{7A368A44-666D-4241-9F9A-6C8FADA20439}.Release|x86.ActiveCfg = Release|Any CPU
		{7A368A44-666D-4241-9F9A-6C8FADA20439}.Release|x86.Build.0 = Release|Any CPU
		{0BCF3AA1-C970-4D06-B80B-7D635E64B299}.Debug|Any CPU.ActiveCfg = Debug|Any CPU
		{0BCF3AA1-C970-4D06-B80B-7D635E64B299}.Debug|Any CPU.Build.0 = Debug|Any CPU
		{0BCF3AA1-C970-4D06-B80B-7D635E64B299}.Debug|x64.ActiveCfg = Debug|Any CPU
		{0BCF3AA1-C970-4D06-B80B-7D635E64B299}.Debug|x64.Build.0 = Debug|Any CPU
		{0BCF3AA1-C970-4D06-B80B-7D635E64B299}.Debug|x86.ActiveCfg = Debug|Any CPU
		{0BCF3AA1-C970-4D06-B80B-7D635E64B299}.Debug|x86.Build.0 = Debug|Any CPU
		{0BCF3AA1-C970-4D06-B80B-7D635E64B299}.Release|Any CPU.ActiveCfg = Release|Any CPU
		{0BCF3AA1-C970-4D06-B80B-7D635E64B299}.Release|Any CPU.Build.0 = Release|Any CPU
		{0BCF3AA1-C970-4D06-B80B-7D635E64B299}.Release|x64.ActiveCfg = Release|Any CPU
		{0BCF3AA1-C970-4D06-B80B-7D635E64B299}.Release|x64.Build.0 = Release|Any CPU
		{0BCF3AA1-C970-4D06-B80B-7D635E64B299}.Release|x86.ActiveCfg = Release|Any CPU
		{0BCF3AA1-C970-4D06-B80B-7D635E64B299}.Release|x86.Build.0 = Release|Any CPU
		{CFC777E9-7969-4101-8ECA-C87D671007C5}.Debug|Any CPU.ActiveCfg = Debug|Any CPU
		{CFC777E9-7969-4101-8ECA-C87D671007C5}.Debug|Any CPU.Build.0 = Debug|Any CPU
		{CFC777E9-7969-4101-8ECA-C87D671007C5}.Debug|x64.ActiveCfg = Debug|Any CPU
		{CFC777E9-7969-4101-8ECA-C87D671007C5}.Debug|x64.Build.0 = Debug|Any CPU
		{CFC777E9-7969-4101-8ECA-C87D671007C5}.Debug|x86.ActiveCfg = Debug|Any CPU
		{CFC777E9-7969-4101-8ECA-C87D671007C5}.Debug|x86.Build.0 = Debug|Any CPU
		{CFC777E9-7969-4101-8ECA-C87D671007C5}.Release|Any CPU.ActiveCfg = Release|Any CPU
		{CFC777E9-7969-4101-8ECA-C87D671007C5}.Release|Any CPU.Build.0 = Release|Any CPU
		{CFC777E9-7969-4101-8ECA-C87D671007C5}.Release|x64.ActiveCfg = Release|Any CPU
		{CFC777E9-7969-4101-8ECA-C87D671007C5}.Release|x64.Build.0 = Release|Any CPU
		{CFC777E9-7969-4101-8ECA-C87D671007C5}.Release|x86.ActiveCfg = Release|Any CPU
		{CFC777E9-7969-4101-8ECA-C87D671007C5}.Release|x86.Build.0 = Release|Any CPU
		{6CAAC398-5CFD-4173-9E3D-6CA0CFF1C088}.Debug|Any CPU.ActiveCfg = Debug|Any CPU
		{6CAAC398-5CFD-4173-9E3D-6CA0CFF1C088}.Debug|Any CPU.Build.0 = Debug|Any CPU
		{6CAAC398-5CFD-4173-9E3D-6CA0CFF1C088}.Debug|x64.ActiveCfg = Debug|Any CPU
		{6CAAC398-5CFD-4173-9E3D-6CA0CFF1C088}.Debug|x64.Build.0 = Debug|Any CPU
		{6CAAC398-5CFD-4173-9E3D-6CA0CFF1C088}.Debug|x86.ActiveCfg = Debug|Any CPU
		{6CAAC398-5CFD-4173-9E3D-6CA0CFF1C088}.Debug|x86.Build.0 = Debug|Any CPU
		{6CAAC398-5CFD-4173-9E3D-6CA0CFF1C088}.Release|Any CPU.ActiveCfg = Release|Any CPU
		{6CAAC398-5CFD-4173-9E3D-6CA0CFF1C088}.Release|Any CPU.Build.0 = Release|Any CPU
		{6CAAC398-5CFD-4173-9E3D-6CA0CFF1C088}.Release|x64.ActiveCfg = Release|Any CPU
		{6CAAC398-5CFD-4173-9E3D-6CA0CFF1C088}.Release|x64.Build.0 = Release|Any CPU
		{6CAAC398-5CFD-4173-9E3D-6CA0CFF1C088}.Release|x86.ActiveCfg = Release|Any CPU
		{6CAAC398-5CFD-4173-9E3D-6CA0CFF1C088}.Release|x86.Build.0 = Release|Any CPU
		{EA84B9D6-DB35-4A56-8722-64B2061591BD}.Debug|Any CPU.ActiveCfg = Debug|Any CPU
		{EA84B9D6-DB35-4A56-8722-64B2061591BD}.Debug|Any CPU.Build.0 = Debug|Any CPU
		{EA84B9D6-DB35-4A56-8722-64B2061591BD}.Debug|x64.ActiveCfg = Debug|Any CPU
		{EA84B9D6-DB35-4A56-8722-64B2061591BD}.Debug|x64.Build.0 = Debug|Any CPU
		{EA84B9D6-DB35-4A56-8722-64B2061591BD}.Debug|x86.ActiveCfg = Debug|Any CPU
		{EA84B9D6-DB35-4A56-8722-64B2061591BD}.Debug|x86.Build.0 = Debug|Any CPU
		{EA84B9D6-DB35-4A56-8722-64B2061591BD}.Release|Any CPU.ActiveCfg = Release|Any CPU
		{EA84B9D6-DB35-4A56-8722-64B2061591BD}.Release|Any CPU.Build.0 = Release|Any CPU
		{EA84B9D6-DB35-4A56-8722-64B2061591BD}.Release|x64.ActiveCfg = Release|Any CPU
		{EA84B9D6-DB35-4A56-8722-64B2061591BD}.Release|x64.Build.0 = Release|Any CPU
		{EA84B9D6-DB35-4A56-8722-64B2061591BD}.Release|x86.ActiveCfg = Release|Any CPU
		{EA84B9D6-DB35-4A56-8722-64B2061591BD}.Release|x86.Build.0 = Release|Any CPU
		{75935733-A1C7-4460-804B-EF77A6653238}.Debug|Any CPU.ActiveCfg = Debug|Any CPU
		{75935733-A1C7-4460-804B-EF77A6653238}.Debug|Any CPU.Build.0 = Debug|Any CPU
		{75935733-A1C7-4460-804B-EF77A6653238}.Debug|x64.ActiveCfg = Debug|Any CPU
		{75935733-A1C7-4460-804B-EF77A6653238}.Debug|x64.Build.0 = Debug|Any CPU
		{75935733-A1C7-4460-804B-EF77A6653238}.Debug|x86.ActiveCfg = Debug|Any CPU
		{75935733-A1C7-4460-804B-EF77A6653238}.Debug|x86.Build.0 = Debug|Any CPU
		{75935733-A1C7-4460-804B-EF77A6653238}.Release|Any CPU.ActiveCfg = Release|Any CPU
		{75935733-A1C7-4460-804B-EF77A6653238}.Release|Any CPU.Build.0 = Release|Any CPU
		{75935733-A1C7-4460-804B-EF77A6653238}.Release|x64.ActiveCfg = Release|Any CPU
		{75935733-A1C7-4460-804B-EF77A6653238}.Release|x64.Build.0 = Release|Any CPU
		{75935733-A1C7-4460-804B-EF77A6653238}.Release|x86.ActiveCfg = Release|Any CPU
		{75935733-A1C7-4460-804B-EF77A6653238}.Release|x86.Build.0 = Release|Any CPU
		{6AFCB660-38BB-46AF-96A3-A68CA2499C96}.Debug|Any CPU.ActiveCfg = Debug|Any CPU
		{6AFCB660-38BB-46AF-96A3-A68CA2499C96}.Debug|Any CPU.Build.0 = Debug|Any CPU
		{6AFCB660-38BB-46AF-96A3-A68CA2499C96}.Debug|x64.ActiveCfg = Debug|Any CPU
		{6AFCB660-38BB-46AF-96A3-A68CA2499C96}.Debug|x64.Build.0 = Debug|Any CPU
		{6AFCB660-38BB-46AF-96A3-A68CA2499C96}.Debug|x86.ActiveCfg = Debug|Any CPU
		{6AFCB660-38BB-46AF-96A3-A68CA2499C96}.Debug|x86.Build.0 = Debug|Any CPU
		{6AFCB660-38BB-46AF-96A3-A68CA2499C96}.Release|Any CPU.ActiveCfg = Release|Any CPU
		{6AFCB660-38BB-46AF-96A3-A68CA2499C96}.Release|Any CPU.Build.0 = Release|Any CPU
		{6AFCB660-38BB-46AF-96A3-A68CA2499C96}.Release|x64.ActiveCfg = Release|Any CPU
		{6AFCB660-38BB-46AF-96A3-A68CA2499C96}.Release|x64.Build.0 = Release|Any CPU
		{6AFCB660-38BB-46AF-96A3-A68CA2499C96}.Release|x86.ActiveCfg = Release|Any CPU
		{6AFCB660-38BB-46AF-96A3-A68CA2499C96}.Release|x86.Build.0 = Release|Any CPU
		{556EF4B0-3C19-4AD4-8DC7-99A06906FB98}.Debug|Any CPU.ActiveCfg = Debug|Any CPU
		{556EF4B0-3C19-4AD4-8DC7-99A06906FB98}.Debug|Any CPU.Build.0 = Debug|Any CPU
		{556EF4B0-3C19-4AD4-8DC7-99A06906FB98}.Debug|x64.ActiveCfg = Debug|Any CPU
		{556EF4B0-3C19-4AD4-8DC7-99A06906FB98}.Debug|x64.Build.0 = Debug|Any CPU
		{556EF4B0-3C19-4AD4-8DC7-99A06906FB98}.Debug|x86.ActiveCfg = Debug|Any CPU
		{556EF4B0-3C19-4AD4-8DC7-99A06906FB98}.Debug|x86.Build.0 = Debug|Any CPU
		{556EF4B0-3C19-4AD4-8DC7-99A06906FB98}.Release|Any CPU.ActiveCfg = Release|Any CPU
		{556EF4B0-3C19-4AD4-8DC7-99A06906FB98}.Release|Any CPU.Build.0 = Release|Any CPU
		{556EF4B0-3C19-4AD4-8DC7-99A06906FB98}.Release|x64.ActiveCfg = Release|Any CPU
		{556EF4B0-3C19-4AD4-8DC7-99A06906FB98}.Release|x64.Build.0 = Release|Any CPU
		{556EF4B0-3C19-4AD4-8DC7-99A06906FB98}.Release|x86.ActiveCfg = Release|Any CPU
		{556EF4B0-3C19-4AD4-8DC7-99A06906FB98}.Release|x86.Build.0 = Release|Any CPU
		{33C974AB-261E-40B5-A3D7-5CF4E18D8D75}.Debug|Any CPU.ActiveCfg = Debug|Any CPU
		{33C974AB-261E-40B5-A3D7-5CF4E18D8D75}.Debug|Any CPU.Build.0 = Debug|Any CPU
		{33C974AB-261E-40B5-A3D7-5CF4E18D8D75}.Debug|x64.ActiveCfg = Debug|Any CPU
		{33C974AB-261E-40B5-A3D7-5CF4E18D8D75}.Debug|x64.Build.0 = Debug|Any CPU
		{33C974AB-261E-40B5-A3D7-5CF4E18D8D75}.Debug|x86.ActiveCfg = Debug|Any CPU
		{33C974AB-261E-40B5-A3D7-5CF4E18D8D75}.Debug|x86.Build.0 = Debug|Any CPU
		{33C974AB-261E-40B5-A3D7-5CF4E18D8D75}.Release|Any CPU.ActiveCfg = Release|Any CPU
		{33C974AB-261E-40B5-A3D7-5CF4E18D8D75}.Release|Any CPU.Build.0 = Release|Any CPU
		{33C974AB-261E-40B5-A3D7-5CF4E18D8D75}.Release|x64.ActiveCfg = Release|Any CPU
		{33C974AB-261E-40B5-A3D7-5CF4E18D8D75}.Release|x64.Build.0 = Release|Any CPU
		{33C974AB-261E-40B5-A3D7-5CF4E18D8D75}.Release|x86.ActiveCfg = Release|Any CPU
		{33C974AB-261E-40B5-A3D7-5CF4E18D8D75}.Release|x86.Build.0 = Release|Any CPU
		{1C02F7EB-5405-4C0A-B979-1CAB6B834344}.Debug|Any CPU.ActiveCfg = Debug|Any CPU
		{1C02F7EB-5405-4C0A-B979-1CAB6B834344}.Debug|Any CPU.Build.0 = Debug|Any CPU
		{1C02F7EB-5405-4C0A-B979-1CAB6B834344}.Debug|x64.ActiveCfg = Debug|Any CPU
		{1C02F7EB-5405-4C0A-B979-1CAB6B834344}.Debug|x64.Build.0 = Debug|Any CPU
		{1C02F7EB-5405-4C0A-B979-1CAB6B834344}.Debug|x86.ActiveCfg = Debug|Any CPU
		{1C02F7EB-5405-4C0A-B979-1CAB6B834344}.Debug|x86.Build.0 = Debug|Any CPU
		{1C02F7EB-5405-4C0A-B979-1CAB6B834344}.Release|Any CPU.ActiveCfg = Release|Any CPU
		{1C02F7EB-5405-4C0A-B979-1CAB6B834344}.Release|Any CPU.Build.0 = Release|Any CPU
		{1C02F7EB-5405-4C0A-B979-1CAB6B834344}.Release|x64.ActiveCfg = Release|Any CPU
		{1C02F7EB-5405-4C0A-B979-1CAB6B834344}.Release|x64.Build.0 = Release|Any CPU
		{1C02F7EB-5405-4C0A-B979-1CAB6B834344}.Release|x86.ActiveCfg = Release|Any CPU
		{1C02F7EB-5405-4C0A-B979-1CAB6B834344}.Release|x86.Build.0 = Release|Any CPU
		{96968870-7C37-4494-851E-9BB000FBC453}.Debug|Any CPU.ActiveCfg = Debug|Any CPU
		{96968870-7C37-4494-851E-9BB000FBC453}.Debug|Any CPU.Build.0 = Debug|Any CPU
		{96968870-7C37-4494-851E-9BB000FBC453}.Debug|x64.ActiveCfg = Debug|Any CPU
		{96968870-7C37-4494-851E-9BB000FBC453}.Debug|x64.Build.0 = Debug|Any CPU
		{96968870-7C37-4494-851E-9BB000FBC453}.Debug|x86.ActiveCfg = Debug|Any CPU
		{96968870-7C37-4494-851E-9BB000FBC453}.Debug|x86.Build.0 = Debug|Any CPU
		{96968870-7C37-4494-851E-9BB000FBC453}.Release|Any CPU.ActiveCfg = Release|Any CPU
		{96968870-7C37-4494-851E-9BB000FBC453}.Release|Any CPU.Build.0 = Release|Any CPU
		{96968870-7C37-4494-851E-9BB000FBC453}.Release|x64.ActiveCfg = Release|Any CPU
		{96968870-7C37-4494-851E-9BB000FBC453}.Release|x64.Build.0 = Release|Any CPU
		{96968870-7C37-4494-851E-9BB000FBC453}.Release|x86.ActiveCfg = Release|Any CPU
		{96968870-7C37-4494-851E-9BB000FBC453}.Release|x86.Build.0 = Release|Any CPU
		{920FD7A8-D8D4-4582-BBC4-EB57E44192F3}.Debug|Any CPU.ActiveCfg = Debug|Any CPU
		{920FD7A8-D8D4-4582-BBC4-EB57E44192F3}.Debug|Any CPU.Build.0 = Debug|Any CPU
		{920FD7A8-D8D4-4582-BBC4-EB57E44192F3}.Debug|x64.ActiveCfg = Debug|Any CPU
		{920FD7A8-D8D4-4582-BBC4-EB57E44192F3}.Debug|x64.Build.0 = Debug|Any CPU
		{920FD7A8-D8D4-4582-BBC4-EB57E44192F3}.Debug|x86.ActiveCfg = Debug|Any CPU
		{920FD7A8-D8D4-4582-BBC4-EB57E44192F3}.Debug|x86.Build.0 = Debug|Any CPU
		{920FD7A8-D8D4-4582-BBC4-EB57E44192F3}.Release|Any CPU.ActiveCfg = Release|Any CPU
		{920FD7A8-D8D4-4582-BBC4-EB57E44192F3}.Release|Any CPU.Build.0 = Release|Any CPU
		{920FD7A8-D8D4-4582-BBC4-EB57E44192F3}.Release|x64.ActiveCfg = Release|Any CPU
		{920FD7A8-D8D4-4582-BBC4-EB57E44192F3}.Release|x64.Build.0 = Release|Any CPU
		{920FD7A8-D8D4-4582-BBC4-EB57E44192F3}.Release|x86.ActiveCfg = Release|Any CPU
		{920FD7A8-D8D4-4582-BBC4-EB57E44192F3}.Release|x86.Build.0 = Release|Any CPU
	EndGlobalSection
	GlobalSection(SolutionProperties) = preSolution
		HideSolutionNode = FALSE
	EndGlobalSection
	GlobalSection(NestedProjects) = preSolution
		{DF1D384D-8C1E-41B0-A047-0E84FF5EE4F0} = {827E0CD3-B72D-47B6-A68D-7590B98EB39B}
		{BC6EB240-5C39-4CD7-804A-0EB0C53459D4} = {0C88DD14-F956-CE84-757C-A364CCF449FC}
		{36CB852B-84CD-423B-A46F-295CDC8286CE} = {0C88DD14-F956-CE84-757C-A364CCF449FC}
		{047FEB2E-5BAE-4746-88D7-48D10166CFD5} = {0C88DD14-F956-CE84-757C-A364CCF449FC}
		{5BD58FC1-B3D6-4FED-A530-ABD54E64CF29} = {0C88DD14-F956-CE84-757C-A364CCF449FC}
		{12C58C2E-CC00-43E7-88C4-CC73DAF551DF} = {0C88DD14-F956-CE84-757C-A364CCF449FC}
		{1826BEA5-40AE-4A70-BC2A-212476BCEFA9} = {0C88DD14-F956-CE84-757C-A364CCF449FC}
		{EBC001E7-FC1F-47A8-9BB7-2A13BED80176} = {0C88DD14-F956-CE84-757C-A364CCF449FC}
		{CB753486-031C-08A7-C788-4C8CBC49DED1} = {827E0CD3-B72D-47B6-A68D-7590B98EB39B}
                {5140250B-F9C1-4B6C-B1D2-4B4B1E6A2EDF} = {CB753486-031C-08A7-C788-4C8CBC49DED1}
                {53AA9839-DC92-4A02-A4C1-05256D3E7161} = {CB753486-031C-08A7-C788-4C8CBC49DED1}
                {6A424461-9B68-4E7D-9683-246D37EE471F} = {CB753486-031C-08A7-C788-4C8CBC49DED1}
                {90FB51A1-4210-442D-A435-5620EA7F5908} = {CB753486-031C-08A7-C788-4C8CBC49DED1}
		{2AC20A46-3928-2638-2A2E-83B7FF2AF7AE} = {827E0CD3-B72D-47B6-A68D-7590B98EB39B}
		{BD72CC92-A1E0-479E-8EA9-E1E9633A0703} = {2AC20A46-3928-2638-2A2E-83B7FF2AF7AE}
		{0DAF43E7-76B6-4AE3-97DB-4FCEB10A95DD} = {2AC20A46-3928-2638-2A2E-83B7FF2AF7AE}
		{E829C466-1D30-4500-9D1F-9B839623234F} = {2AC20A46-3928-2638-2A2E-83B7FF2AF7AE}
		{A2CE1B1D-96AD-4A12-843C-109482EC2E7F} = {2AC20A46-3928-2638-2A2E-83B7FF2AF7AE}
		{848A0AEE-5F57-8082-52C5-B97E85BFE756} = {827E0CD3-B72D-47B6-A68D-7590B98EB39B}
		{A126B555-2707-43B4-A7B9-943EA43EDAD0} = {848A0AEE-5F57-8082-52C5-B97E85BFE756}
		{A2DB2E0B-A1AA-4C53-8D59-3748A09FEF76} = {848A0AEE-5F57-8082-52C5-B97E85BFE756}
		{F0958CDD-8372-4CF7-849D-4FDD385EAA8C} = {848A0AEE-5F57-8082-52C5-B97E85BFE756}
		{61C3E325-B9EE-4E4D-A4D9-4029B8AA65A6} = {848A0AEE-5F57-8082-52C5-B97E85BFE756}
		{7F46F4EB-47C5-36CB-8237-5C8B39174C27} = {827E0CD3-B72D-47B6-A68D-7590B98EB39B}
		{772F6418-CE4D-4E16-A9F3-B8CD41DA0F97} = {7F46F4EB-47C5-36CB-8237-5C8B39174C27}
		{4E93E4C1-98D0-4B15-81B6-33B6E8870105} = {7F46F4EB-47C5-36CB-8237-5C8B39174C27}
		{4758E666-3D3A-40DA-9A80-0041B2C79B5B} = {7F46F4EB-47C5-36CB-8237-5C8B39174C27}
		{A33BAE5A-744A-4F8E-99FB-B7DB292B4192} = {7F46F4EB-47C5-36CB-8237-5C8B39174C27}
		{99274A18-A133-6EB2-4A7F-B30A25E09DB3} = {827E0CD3-B72D-47B6-A68D-7590B98EB39B}
		{F8D053A1-EB2D-4991-B200-FC13A7BEC5E0} = {99274A18-A133-6EB2-4A7F-B30A25E09DB3}
		{E30396AA-8E6D-4C2E-867D-10D6ED9E53B4} = {99274A18-A133-6EB2-4A7F-B30A25E09DB3}
		{B06CD7B0-EEF3-4E97-982F-561562543EF3} = {99274A18-A133-6EB2-4A7F-B30A25E09DB3}
		{8A3659A1-4A10-4B3F-95F4-16B7D5A17F6C} = {99274A18-A133-6EB2-4A7F-B30A25E09DB3}
		{24E37062-DAB9-F185-465D-673388FE73BA} = {827E0CD3-B72D-47B6-A68D-7590B98EB39B}
		{4541D291-F00B-4BB0-8F2C-DD0B1329E173} = {24E37062-DAB9-F185-465D-673388FE73BA}
		{C9CD6480-F25A-4283-9B86-4D767BCCB996} = {24E37062-DAB9-F185-465D-673388FE73BA}
		{5957E8E9-6CFD-4397-8EC3-6211AF89F7C0} = {24E37062-DAB9-F185-465D-673388FE73BA}
		{27BF9FDD-6CD1-4F35-9D7B-BBF56800A34F} = {24E37062-DAB9-F185-465D-673388FE73BA}
		{45D3C3D5-F362-778A-3909-C047F512E689} = {827E0CD3-B72D-47B6-A68D-7590B98EB39B}
		{7A368A44-666D-4241-9F9A-6C8FADA20439} = {45D3C3D5-F362-778A-3909-C047F512E689}
		{0BCF3AA1-C970-4D06-B80B-7D635E64B299} = {45D3C3D5-F362-778A-3909-C047F512E689}
		{CFC777E9-7969-4101-8ECA-C87D671007C5} = {45D3C3D5-F362-778A-3909-C047F512E689}
		{6CAAC398-5CFD-4173-9E3D-6CA0CFF1C088} = {45D3C3D5-F362-778A-3909-C047F512E689}
		{8107E861-C280-C499-84CD-237218396494} = {827E0CD3-B72D-47B6-A68D-7590B98EB39B}
		{EA84B9D6-DB35-4A56-8722-64B2061591BD} = {8107E861-C280-C499-84CD-237218396494}
		{75935733-A1C7-4460-804B-EF77A6653238} = {8107E861-C280-C499-84CD-237218396494}
		{6AFCB660-38BB-46AF-96A3-A68CA2499C96} = {8107E861-C280-C499-84CD-237218396494}
		{556EF4B0-3C19-4AD4-8DC7-99A06906FB98} = {8107E861-C280-C499-84CD-237218396494}
		{194735AC-7206-37BA-0B2E-EAB889FCAC5C} = {827E0CD3-B72D-47B6-A68D-7590B98EB39B}
		{33C974AB-261E-40B5-A3D7-5CF4E18D8D75} = {194735AC-7206-37BA-0B2E-EAB889FCAC5C}
		{1C02F7EB-5405-4C0A-B979-1CAB6B834344} = {194735AC-7206-37BA-0B2E-EAB889FCAC5C}
		{96968870-7C37-4494-851E-9BB000FBC453} = {194735AC-7206-37BA-0B2E-EAB889FCAC5C}
		{920FD7A8-D8D4-4582-BBC4-EB57E44192F3} = {194735AC-7206-37BA-0B2E-EAB889FCAC5C}
	EndGlobalSection
EndGlobal
