
Microsoft Visual Studio Solution File, Format Version 12.00
# Visual Studio Version 17
VisualStudioVersion = 17.0.31903.59
MinimumVisualStudioVersion = 10.0.40219.1
Project("{2150E333-8FDC-42A3-9474-1A3956D46DE8}") = "src", "src", "{827E0CD3-B72D-47B6-A68D-7590B98EB39B}"
EndProject
Project("{FAE04EC0-301F-11D3-BF4B-00C04F79EFBC}") = "UserService.Api", "src\UserService.Api\UserService.Api.csproj", "{8546C7B7-D28C-472D-A258-A7F6914939B2}"
EndProject
Project("{FAE04EC0-301F-11D3-BF4B-00C04F79EFBC}") = "UserService.Core", "src\UserService.Core\UserService.Core.csproj", "{0B080CDD-C8FF-42B0-AB38-155A1E08A410}"
EndProject
Project("{FAE04EC0-301F-11D3-BF4B-00C04F79EFBC}") = "UserService.Tests", "test\UserService.Tests\UserService.Tests.csproj", "{DF1D384D-8C1E-41B0-A047-0E84FF5EE4F0}"
EndProject
Project("{FAE04EC0-301F-11D3-BF4B-00C04F79EFBC}") = "AuthService.Service.Domain", "src\AuthService.Service.Domain\AuthService.Service.Domain.csproj", "{54ADD39A-2474-48D1-AD26-53980CD3E67B}"
EndProject
Project("{FAE04EC0-301F-11D3-BF4B-00C04F79EFBC}") = "AuthService.Service.Application", "src\AuthService.Service.Application\AuthService.Service.Application.csproj", "{CD4F0D59-7443-4F34-A878-4FEDDE8773B4}"
EndProject
Project("{FAE04EC0-301F-11D3-BF4B-00C04F79EFBC}") = "AuthService.Service.Infrastructure", "src\AuthService.Service.Infrastructure\AuthService.Service.Infrastructure.csproj", "{851DBA4F-12B7-49D3-A148-A755D8708A25}"
EndProject
Project("{FAE04EC0-301F-11D3-BF4B-00C04F79EFBC}") = "AuthService.Host.Api", "src\AuthService.Host.Api\AuthService.Host.Api.csproj", "{E7B3C6EA-B7BB-410E-8615-FE6E554433EE}"
EndProject
Project("{FAE04EC0-301F-11D3-BF4B-00C04F79EFBC}") = "AuthorService.Service.Domain", "src\AuthorService.Service.Domain\AuthorService.Service.Domain.csproj", "{9282AA54-1A8D-495D-BBC8-ACD33D9E4EB1}"
EndProject
Project("{FAE04EC0-301F-11D3-BF4B-00C04F79EFBC}") = "AuthorService.Service.Application", "src\AuthorService.Service.Application\AuthorService.Service.Application.csproj", "{057FF4B1-86B4-4AD9-AF09-03A19C98321D}"
EndProject
Project("{FAE04EC0-301F-11D3-BF4B-00C04F79EFBC}") = "AuthorService.Service.Infrastructure", "src\AuthorService.Service.Infrastructure\AuthorService.Service.Infrastructure.csproj", "{A60F9C6D-2D55-425E-8303-4BC441447795}"
EndProject
Project("{FAE04EC0-301F-11D3-BF4B-00C04F79EFBC}") = "AuthorService.Host.Api", "src\AuthorService.Host.Api\AuthorService.Host.Api.csproj", "{8671F24E-B545-44D9-8539-E5861F423F39}"
EndProject
Project("{2150E333-8FDC-42A3-9474-1A3956D46DE8}") = "test", "test", "{0C88DD14-F956-CE84-757C-A364CCF449FC}"
EndProject
Project("{FAE04EC0-301F-11D3-BF4B-00C04F79EFBC}") = "AuthorService.Tests", "test\AuthorService.Tests\AuthorService.Tests.csproj", "{BC6EB240-5C39-4CD7-804A-0EB0C53459D4}"
EndProject
Global
	GlobalSection(SolutionConfigurationPlatforms) = preSolution
		Debug|Any CPU = Debug|Any CPU
		Debug|x64 = Debug|x64
		Debug|x86 = Debug|x86
		Release|Any CPU = Release|Any CPU
		Release|x64 = Release|x64
		Release|x86 = Release|x86
	EndGlobalSection
	GlobalSection(ProjectConfigurationPlatforms) = postSolution
		{8546C7B7-D28C-472D-A258-A7F6914939B2}.Debug|Any CPU.ActiveCfg = Debug|Any CPU
		{8546C7B7-D28C-472D-A258-A7F6914939B2}.Debug|Any CPU.Build.0 = Debug|Any CPU
		{8546C7B7-D28C-472D-A258-A7F6914939B2}.Debug|x64.ActiveCfg = Debug|Any CPU
		{8546C7B7-D28C-472D-A258-A7F6914939B2}.Debug|x64.Build.0 = Debug|Any CPU
		{8546C7B7-D28C-472D-A258-A7F6914939B2}.Debug|x86.ActiveCfg = Debug|Any CPU
		{8546C7B7-D28C-472D-A258-A7F6914939B2}.Debug|x86.Build.0 = Debug|Any CPU
		{8546C7B7-D28C-472D-A258-A7F6914939B2}.Release|Any CPU.ActiveCfg = Release|Any CPU
		{8546C7B7-D28C-472D-A258-A7F6914939B2}.Release|Any CPU.Build.0 = Release|Any CPU
		{8546C7B7-D28C-472D-A258-A7F6914939B2}.Release|x64.ActiveCfg = Release|Any CPU
		{8546C7B7-D28C-472D-A258-A7F6914939B2}.Release|x64.Build.0 = Release|Any CPU
		{8546C7B7-D28C-472D-A258-A7F6914939B2}.Release|x86.ActiveCfg = Release|Any CPU
		{8546C7B7-D28C-472D-A258-A7F6914939B2}.Release|x86.Build.0 = Release|Any CPU
		{0B080CDD-C8FF-42B0-AB38-155A1E08A410}.Debug|Any CPU.ActiveCfg = Debug|Any CPU
		{0B080CDD-C8FF-42B0-AB38-155A1E08A410}.Debug|Any CPU.Build.0 = Debug|Any CPU
		{0B080CDD-C8FF-42B0-AB38-155A1E08A410}.Debug|x64.ActiveCfg = Debug|Any CPU
		{0B080CDD-C8FF-42B0-AB38-155A1E08A410}.Debug|x64.Build.0 = Debug|Any CPU
		{0B080CDD-C8FF-42B0-AB38-155A1E08A410}.Debug|x86.ActiveCfg = Debug|Any CPU
		{0B080CDD-C8FF-42B0-AB38-155A1E08A410}.Debug|x86.Build.0 = Debug|Any CPU
		{0B080CDD-C8FF-42B0-AB38-155A1E08A410}.Release|Any CPU.ActiveCfg = Release|Any CPU
		{0B080CDD-C8FF-42B0-AB38-155A1E08A410}.Release|Any CPU.Build.0 = Release|Any CPU
		{0B080CDD-C8FF-42B0-AB38-155A1E08A410}.Release|x64.ActiveCfg = Release|Any CPU
		{0B080CDD-C8FF-42B0-AB38-155A1E08A410}.Release|x64.Build.0 = Release|Any CPU
		{0B080CDD-C8FF-42B0-AB38-155A1E08A410}.Release|x86.ActiveCfg = Release|Any CPU
		{0B080CDD-C8FF-42B0-AB38-155A1E08A410}.Release|x86.Build.0 = Release|Any CPU
		{DF1D384D-8C1E-41B0-A047-0E84FF5EE4F0}.Debug|Any CPU.ActiveCfg = Debug|Any CPU
		{DF1D384D-8C1E-41B0-A047-0E84FF5EE4F0}.Debug|Any CPU.Build.0 = Debug|Any CPU
		{DF1D384D-8C1E-41B0-A047-0E84FF5EE4F0}.Debug|x64.ActiveCfg = Debug|Any CPU
		{DF1D384D-8C1E-41B0-A047-0E84FF5EE4F0}.Debug|x64.Build.0 = Debug|Any CPU
		{DF1D384D-8C1E-41B0-A047-0E84FF5EE4F0}.Debug|x86.ActiveCfg = Debug|Any CPU
		{DF1D384D-8C1E-41B0-A047-0E84FF5EE4F0}.Debug|x86.Build.0 = Debug|Any CPU
		{DF1D384D-8C1E-41B0-A047-0E84FF5EE4F0}.Release|Any CPU.ActiveCfg = Release|Any CPU
		{DF1D384D-8C1E-41B0-A047-0E84FF5EE4F0}.Release|Any CPU.Build.0 = Release|Any CPU
		{DF1D384D-8C1E-41B0-A047-0E84FF5EE4F0}.Release|x64.ActiveCfg = Release|Any CPU
		{DF1D384D-8C1E-41B0-A047-0E84FF5EE4F0}.Release|x64.Build.0 = Release|Any CPU
		{DF1D384D-8C1E-41B0-A047-0E84FF5EE4F0}.Release|x86.ActiveCfg = Release|Any CPU
		{DF1D384D-8C1E-41B0-A047-0E84FF5EE4F0}.Release|x86.Build.0 = Release|Any CPU
		{54ADD39A-2474-48D1-AD26-53980CD3E67B}.Debug|Any CPU.ActiveCfg = Debug|Any CPU
		{54ADD39A-2474-48D1-AD26-53980CD3E67B}.Debug|Any CPU.Build.0 = Debug|Any CPU
		{54ADD39A-2474-48D1-AD26-53980CD3E67B}.Debug|x64.ActiveCfg = Debug|Any CPU
		{54ADD39A-2474-48D1-AD26-53980CD3E67B}.Debug|x64.Build.0 = Debug|Any CPU
		{54ADD39A-2474-48D1-AD26-53980CD3E67B}.Debug|x86.ActiveCfg = Debug|Any CPU
		{54ADD39A-2474-48D1-AD26-53980CD3E67B}.Debug|x86.Build.0 = Debug|Any CPU
		{54ADD39A-2474-48D1-AD26-53980CD3E67B}.Release|Any CPU.ActiveCfg = Release|Any CPU
		{54ADD39A-2474-48D1-AD26-53980CD3E67B}.Release|Any CPU.Build.0 = Release|Any CPU
		{54ADD39A-2474-48D1-AD26-53980CD3E67B}.Release|x64.ActiveCfg = Release|Any CPU
		{54ADD39A-2474-48D1-AD26-53980CD3E67B}.Release|x64.Build.0 = Release|Any CPU
		{54ADD39A-2474-48D1-AD26-53980CD3E67B}.Release|x86.ActiveCfg = Release|Any CPU
		{54ADD39A-2474-48D1-AD26-53980CD3E67B}.Release|x86.Build.0 = Release|Any CPU
		{CD4F0D59-7443-4F34-A878-4FEDDE8773B4}.Debug|Any CPU.ActiveCfg = Debug|Any CPU
		{CD4F0D59-7443-4F34-A878-4FEDDE8773B4}.Debug|Any CPU.Build.0 = Debug|Any CPU
		{CD4F0D59-7443-4F34-A878-4FEDDE8773B4}.Debug|x64.ActiveCfg = Debug|Any CPU
		{CD4F0D59-7443-4F34-A878-4FEDDE8773B4}.Debug|x64.Build.0 = Debug|Any CPU
		{CD4F0D59-7443-4F34-A878-4FEDDE8773B4}.Debug|x86.ActiveCfg = Debug|Any CPU
		{CD4F0D59-7443-4F34-A878-4FEDDE8773B4}.Debug|x86.Build.0 = Debug|Any CPU
		{CD4F0D59-7443-4F34-A878-4FEDDE8773B4}.Release|Any CPU.ActiveCfg = Release|Any CPU
		{CD4F0D59-7443-4F34-A878-4FEDDE8773B4}.Release|Any CPU.Build.0 = Release|Any CPU
		{CD4F0D59-7443-4F34-A878-4FEDDE8773B4}.Release|x64.ActiveCfg = Release|Any CPU
		{CD4F0D59-7443-4F34-A878-4FEDDE8773B4}.Release|x64.Build.0 = Release|Any CPU
		{CD4F0D59-7443-4F34-A878-4FEDDE8773B4}.Release|x86.ActiveCfg = Release|Any CPU
		{CD4F0D59-7443-4F34-A878-4FEDDE8773B4}.Release|x86.Build.0 = Release|Any CPU
		{851DBA4F-12B7-49D3-A148-A755D8708A25}.Debug|Any CPU.ActiveCfg = Debug|Any CPU
		{851DBA4F-12B7-49D3-A148-A755D8708A25}.Debug|Any CPU.Build.0 = Debug|Any CPU
		{851DBA4F-12B7-49D3-A148-A755D8708A25}.Debug|x64.ActiveCfg = Debug|Any CPU
		{851DBA4F-12B7-49D3-A148-A755D8708A25}.Debug|x64.Build.0 = Debug|Any CPU
		{851DBA4F-12B7-49D3-A148-A755D8708A25}.Debug|x86.ActiveCfg = Debug|Any CPU
		{851DBA4F-12B7-49D3-A148-A755D8708A25}.Debug|x86.Build.0 = Debug|Any CPU
		{851DBA4F-12B7-49D3-A148-A755D8708A25}.Release|Any CPU.ActiveCfg = Release|Any CPU
		{851DBA4F-12B7-49D3-A148-A755D8708A25}.Release|Any CPU.Build.0 = Release|Any CPU
		{851DBA4F-12B7-49D3-A148-A755D8708A25}.Release|x64.ActiveCfg = Release|Any CPU
		{851DBA4F-12B7-49D3-A148-A755D8708A25}.Release|x64.Build.0 = Release|Any CPU
		{851DBA4F-12B7-49D3-A148-A755D8708A25}.Release|x86.ActiveCfg = Release|Any CPU
		{851DBA4F-12B7-49D3-A148-A755D8708A25}.Release|x86.Build.0 = Release|Any CPU
		{E7B3C6EA-B7BB-410E-8615-FE6E554433EE}.Debug|Any CPU.ActiveCfg = Debug|Any CPU
		{E7B3C6EA-B7BB-410E-8615-FE6E554433EE}.Debug|Any CPU.Build.0 = Debug|Any CPU
		{E7B3C6EA-B7BB-410E-8615-FE6E554433EE}.Debug|x64.ActiveCfg = Debug|Any CPU
		{E7B3C6EA-B7BB-410E-8615-FE6E554433EE}.Debug|x64.Build.0 = Debug|Any CPU
		{E7B3C6EA-B7BB-410E-8615-FE6E554433EE}.Debug|x86.ActiveCfg = Debug|Any CPU
		{E7B3C6EA-B7BB-410E-8615-FE6E554433EE}.Debug|x86.Build.0 = Debug|Any CPU
		{E7B3C6EA-B7BB-410E-8615-FE6E554433EE}.Release|Any CPU.ActiveCfg = Release|Any CPU
		{E7B3C6EA-B7BB-410E-8615-FE6E554433EE}.Release|Any CPU.Build.0 = Release|Any CPU
		{E7B3C6EA-B7BB-410E-8615-FE6E554433EE}.Release|x64.ActiveCfg = Release|Any CPU
		{E7B3C6EA-B7BB-410E-8615-FE6E554433EE}.Release|x64.Build.0 = Release|Any CPU
		{E7B3C6EA-B7BB-410E-8615-FE6E554433EE}.Release|x86.ActiveCfg = Release|Any CPU
		{E7B3C6EA-B7BB-410E-8615-FE6E554433EE}.Release|x86.Build.0 = Release|Any CPU
		{9282AA54-1A8D-495D-BBC8-ACD33D9E4EB1}.Debug|Any CPU.ActiveCfg = Debug|Any CPU
		{9282AA54-1A8D-495D-BBC8-ACD33D9E4EB1}.Debug|Any CPU.Build.0 = Debug|Any CPU
		{9282AA54-1A8D-495D-BBC8-ACD33D9E4EB1}.Debug|x64.ActiveCfg = Debug|Any CPU
		{9282AA54-1A8D-495D-BBC8-ACD33D9E4EB1}.Debug|x64.Build.0 = Debug|Any CPU
		{9282AA54-1A8D-495D-BBC8-ACD33D9E4EB1}.Debug|x86.ActiveCfg = Debug|Any CPU
		{9282AA54-1A8D-495D-BBC8-ACD33D9E4EB1}.Debug|x86.Build.0 = Debug|Any CPU
		{9282AA54-1A8D-495D-BBC8-ACD33D9E4EB1}.Release|Any CPU.ActiveCfg = Release|Any CPU
		{9282AA54-1A8D-495D-BBC8-ACD33D9E4EB1}.Release|Any CPU.Build.0 = Release|Any CPU
		{9282AA54-1A8D-495D-BBC8-ACD33D9E4EB1}.Release|x64.ActiveCfg = Release|Any CPU
		{9282AA54-1A8D-495D-BBC8-ACD33D9E4EB1}.Release|x64.Build.0 = Release|Any CPU
		{9282AA54-1A8D-495D-BBC8-ACD33D9E4EB1}.Release|x86.ActiveCfg = Release|Any CPU
		{9282AA54-1A8D-495D-BBC8-ACD33D9E4EB1}.Release|x86.Build.0 = Release|Any CPU
		{057FF4B1-86B4-4AD9-AF09-03A19C98321D}.Debug|Any CPU.ActiveCfg = Debug|Any CPU
		{057FF4B1-86B4-4AD9-AF09-03A19C98321D}.Debug|Any CPU.Build.0 = Debug|Any CPU
		{057FF4B1-86B4-4AD9-AF09-03A19C98321D}.Debug|x64.ActiveCfg = Debug|Any CPU
		{057FF4B1-86B4-4AD9-AF09-03A19C98321D}.Debug|x64.Build.0 = Debug|Any CPU
		{057FF4B1-86B4-4AD9-AF09-03A19C98321D}.Debug|x86.ActiveCfg = Debug|Any CPU
		{057FF4B1-86B4-4AD9-AF09-03A19C98321D}.Debug|x86.Build.0 = Debug|Any CPU
		{057FF4B1-86B4-4AD9-AF09-03A19C98321D}.Release|Any CPU.ActiveCfg = Release|Any CPU
		{057FF4B1-86B4-4AD9-AF09-03A19C98321D}.Release|Any CPU.Build.0 = Release|Any CPU
		{057FF4B1-86B4-4AD9-AF09-03A19C98321D}.Release|x64.ActiveCfg = Release|Any CPU
		{057FF4B1-86B4-4AD9-AF09-03A19C98321D}.Release|x64.Build.0 = Release|Any CPU
		{057FF4B1-86B4-4AD9-AF09-03A19C98321D}.Release|x86.ActiveCfg = Release|Any CPU
		{057FF4B1-86B4-4AD9-AF09-03A19C98321D}.Release|x86.Build.0 = Release|Any CPU
		{A60F9C6D-2D55-425E-8303-4BC441447795}.Debug|Any CPU.ActiveCfg = Debug|Any CPU
		{A60F9C6D-2D55-425E-8303-4BC441447795}.Debug|Any CPU.Build.0 = Debug|Any CPU
		{A60F9C6D-2D55-425E-8303-4BC441447795}.Debug|x64.ActiveCfg = Debug|Any CPU
		{A60F9C6D-2D55-425E-8303-4BC441447795}.Debug|x64.Build.0 = Debug|Any CPU
		{A60F9C6D-2D55-425E-8303-4BC441447795}.Debug|x86.ActiveCfg = Debug|Any CPU
		{A60F9C6D-2D55-425E-8303-4BC441447795}.Debug|x86.Build.0 = Debug|Any CPU
		{A60F9C6D-2D55-425E-8303-4BC441447795}.Release|Any CPU.ActiveCfg = Release|Any CPU
		{A60F9C6D-2D55-425E-8303-4BC441447795}.Release|Any CPU.Build.0 = Release|Any CPU
		{A60F9C6D-2D55-425E-8303-4BC441447795}.Release|x64.ActiveCfg = Release|Any CPU
		{A60F9C6D-2D55-425E-8303-4BC441447795}.Release|x64.Build.0 = Release|Any CPU
		{A60F9C6D-2D55-425E-8303-4BC441447795}.Release|x86.ActiveCfg = Release|Any CPU
		{A60F9C6D-2D55-425E-8303-4BC441447795}.Release|x86.Build.0 = Release|Any CPU
		{8671F24E-B545-44D9-8539-E5861F423F39}.Debug|Any CPU.ActiveCfg = Debug|Any CPU
		{8671F24E-B545-44D9-8539-E5861F423F39}.Debug|Any CPU.Build.0 = Debug|Any CPU
		{8671F24E-B545-44D9-8539-E5861F423F39}.Debug|x64.ActiveCfg = Debug|Any CPU
		{8671F24E-B545-44D9-8539-E5861F423F39}.Debug|x64.Build.0 = Debug|Any CPU
		{8671F24E-B545-44D9-8539-E5861F423F39}.Debug|x86.ActiveCfg = Debug|Any CPU
		{8671F24E-B545-44D9-8539-E5861F423F39}.Debug|x86.Build.0 = Debug|Any CPU
		{8671F24E-B545-44D9-8539-E5861F423F39}.Release|Any CPU.ActiveCfg = Release|Any CPU
		{8671F24E-B545-44D9-8539-E5861F423F39}.Release|Any CPU.Build.0 = Release|Any CPU
		{8671F24E-B545-44D9-8539-E5861F423F39}.Release|x64.ActiveCfg = Release|Any CPU
		{8671F24E-B545-44D9-8539-E5861F423F39}.Release|x64.Build.0 = Release|Any CPU
		{8671F24E-B545-44D9-8539-E5861F423F39}.Release|x86.ActiveCfg = Release|Any CPU
		{8671F24E-B545-44D9-8539-E5861F423F39}.Release|x86.Build.0 = Release|Any CPU
		{BC6EB240-5C39-4CD7-804A-0EB0C53459D4}.Debug|Any CPU.ActiveCfg = Debug|Any CPU
		{BC6EB240-5C39-4CD7-804A-0EB0C53459D4}.Debug|Any CPU.Build.0 = Debug|Any CPU
		{BC6EB240-5C39-4CD7-804A-0EB0C53459D4}.Debug|x64.ActiveCfg = Debug|Any CPU
		{BC6EB240-5C39-4CD7-804A-0EB0C53459D4}.Debug|x64.Build.0 = Debug|Any CPU
		{BC6EB240-5C39-4CD7-804A-0EB0C53459D4}.Debug|x86.ActiveCfg = Debug|Any CPU
		{BC6EB240-5C39-4CD7-804A-0EB0C53459D4}.Debug|x86.Build.0 = Debug|Any CPU
		{BC6EB240-5C39-4CD7-804A-0EB0C53459D4}.Release|Any CPU.ActiveCfg = Release|Any CPU
		{BC6EB240-5C39-4CD7-804A-0EB0C53459D4}.Release|Any CPU.Build.0 = Release|Any CPU
		{BC6EB240-5C39-4CD7-804A-0EB0C53459D4}.Release|x64.ActiveCfg = Release|Any CPU
		{BC6EB240-5C39-4CD7-804A-0EB0C53459D4}.Release|x64.Build.0 = Release|Any CPU
		{BC6EB240-5C39-4CD7-804A-0EB0C53459D4}.Release|x86.ActiveCfg = Release|Any CPU
		{BC6EB240-5C39-4CD7-804A-0EB0C53459D4}.Release|x86.Build.0 = Release|Any CPU
	EndGlobalSection
	GlobalSection(SolutionProperties) = preSolution
		HideSolutionNode = FALSE
	EndGlobalSection
	GlobalSection(NestedProjects) = preSolution
		{8546C7B7-D28C-472D-A258-A7F6914939B2} = {827E0CD3-B72D-47B6-A68D-7590B98EB39B}
		{0B080CDD-C8FF-42B0-AB38-155A1E08A410} = {827E0CD3-B72D-47B6-A68D-7590B98EB39B}
		{DF1D384D-8C1E-41B0-A047-0E84FF5EE4F0} = {827E0CD3-B72D-47B6-A68D-7590B98EB39B}
		{54ADD39A-2474-48D1-AD26-53980CD3E67B} = {827E0CD3-B72D-47B6-A68D-7590B98EB39B}
		{CD4F0D59-7443-4F34-A878-4FEDDE8773B4} = {827E0CD3-B72D-47B6-A68D-7590B98EB39B}
		{851DBA4F-12B7-49D3-A148-A755D8708A25} = {827E0CD3-B72D-47B6-A68D-7590B98EB39B}
		{E7B3C6EA-B7BB-410E-8615-FE6E554433EE} = {827E0CD3-B72D-47B6-A68D-7590B98EB39B}
		{9282AA54-1A8D-495D-BBC8-ACD33D9E4EB1} = {827E0CD3-B72D-47B6-A68D-7590B98EB39B}
		{057FF4B1-86B4-4AD9-AF09-03A19C98321D} = {827E0CD3-B72D-47B6-A68D-7590B98EB39B}
		{A60F9C6D-2D55-425E-8303-4BC441447795} = {827E0CD3-B72D-47B6-A68D-7590B98EB39B}
		{8671F24E-B545-44D9-8539-E5861F423F39} = {827E0CD3-B72D-47B6-A68D-7590B98EB39B}
		{BC6EB240-5C39-4CD7-804A-0EB0C53459D4} = {0C88DD14-F956-CE84-757C-A364CCF449FC}
	EndGlobalSection
EndGlobal
