
Microsoft Visual Studio Solution File, Format Version 12.00
# Visual Studio Version 17
VisualStudioVersion = 17.0.31903.59
MinimumVisualStudioVersion = 10.0.40219.1
Project("{2150E333-8FDC-42A3-9474-1A3956D46DE8}") = "services", "services", "{2DF41D8E-8553-4160-A405-3064CC5008BE}"
EndProject
Project("{2150E333-8FDC-42A3-9474-1A3956D46DE8}") = "crawler", "crawler", "{9BB2862E-4EB2-4BDE-A3F0-774137C1E0EB}"
EndProject
Project("{FAE04EC0-301F-11D3-BF4B-00C04F79EFBC}") = "crawler.Service.Application", "services\crawler\crawler.Service.Application\crawler.Service.Application.csproj", "{9B63DB5D-FD1C-457E-9C3C-18E0FECC187E}"
EndProject
Project("{FAE04EC0-301F-11D3-BF4B-00C04F79EFBC}") = "crawler.Service.Infrastructure", "services\crawler\crawler.Service.Infrastructure\crawler.Service.Infrastructure.csproj", "{78F8AC61-FF4E-4DE4-9BA3-D4138E90CBBA}"
EndProject
Project("{FAE04EC0-301F-11D3-BF4B-00C04F79EFBC}") = "crawler.Service.Api", "services\crawler\crawler.Service.Api\crawler.Service.Api.csproj", "{7E03B570-BB53-4794-958C-C0E9C124D5C1}"
EndProject
Project("{2150E333-8FDC-42A3-9474-1A3956D46DE8}") = "users", "users", "{0DAC688F-9A79-4F45-8241-5C2EA3FCFD8B}"
EndProject
Project("{FAE04EC0-301F-11D3-BF4B-00C04F79EFBC}") = "users.Service.Domain", "services\users\users.Service.Domain\users.Service.Domain.csproj", "{75ED17D7-7934-48B4-9D2C-CD7428B8381C}"
EndProject
Project("{FAE04EC0-301F-11D3-BF4B-00C04F79EFBC}") = "users.Service.Infrastructure", "services\users\users.Service.Infrastructure\users.Service.Infrastructure.csproj", "{867F8A67-B865-4125-93B8-0D518443AE55}"
EndProject
Project("{FAE04EC0-301F-11D3-BF4B-00C04F79EFBC}") = "users.Service.Api", "services\users\users.Service.Api\users.Service.Api.csproj", "{31471272-2031-4B96-9AE8-F01B2BD93D66}"
EndProject
Project("{FAE04EC0-301F-11D3-BF4B-00C04F79EFBC}") = "users.Service.Application", "services\users\users.Service.Application\users.Service.Application.csproj", "{D0014ACC-98FE-4903-9B08-146545470FA9}"
EndProject
Project("{2150E333-8FDC-42A3-9474-1A3956D46DE8}") = "novels", "novels", "{8765081F-BAE1-45A7-9AEA-9DAD529C688C}"
EndProject
Project("{FAE04EC0-301F-11D3-BF4B-00C04F79EFBC}") = "novels.Service.Domain", "services\novels\novels.Service.Domain\novels.Service.Domain.csproj", "{1C5A8574-DCF1-40EA-8F6F-10C76BE4F8B2}"
EndProject
Project("{FAE04EC0-301F-11D3-BF4B-00C04F79EFBC}") = "novels.Service.Api", "services\novels\novels.Service.Api\novels.Service.Api.csproj", "{E583ED68-A571-48BB-B2B2-BED858EADCD0}"
EndProject
Project("{FAE04EC0-301F-11D3-BF4B-00C04F79EFBC}") = "novels.Service.Application", "services\novels\novels.Service.Application\novels.Service.Application.csproj", "{3FD7CDF3-EF03-43E2-8F4B-D0A29540BEC2}"
EndProject
Project("{FAE04EC0-301F-11D3-BF4B-00C04F79EFBC}") = "novels.Service.Infrastructure", "services\novels\novels.Service.Infrastructure\novels.Service.Infrastructure.csproj", "{9A3C5C7D-8244-4531-92D8-AEE2FFD9F5B0}"
EndProject
Project("{2150E333-8FDC-42A3-9474-1A3956D46DE8}") = "authorbackend", "authorbackend", "{56897500-3E30-4F97-8AD3-FF8407AC6FEE}"
EndProject
Project("{FAE04EC0-301F-11D3-BF4B-00C04F79EFBC}") = "AuthorBackend.Service.Api", "services\authorbackend\AuthorBackend.Service.Api\AuthorBackend.Service.Api.csproj", "{E0413528-91AD-4F5D-8F24-5BD9EF924CB1}"
EndProject
Project("{FAE04EC0-301F-11D3-BF4B-00C04F79EFBC}") = "AuthorBackend.Service.Infrastructure", "services\authorbackend\AuthorBackend.Service.Infrastructure\AuthorBackend.Service.Infrastructure.csproj", "{5A9EA1C6-EC49-47F0-B5D8-F512FA8464FA}"
EndProject
Project("{FAE04EC0-301F-11D3-BF4B-00C04F79EFBC}") = "AuthorBackend.Service.Application", "services\authorbackend\AuthorBackend.Service.Application\AuthorBackend.Service.Application.csproj", "{86A13782-149C-4D2D-BA6B-D214B15C8307}"
EndProject
Project("{FAE04EC0-301F-11D3-BF4B-00C04F79EFBC}") = "AuthorBackend.Service.Domain", "services\authorbackend\AuthorBackend.Service.Domain\AuthorBackend.Service.Domain.csproj", "{6E946B99-C69A-433F-996D-E2B35F95DA94}"
EndProject
Project("{2150E333-8FDC-42A3-9474-1A3956D46DE8}") = "platformbackend", "platformbackend", "{88C3B453-29C7-46F7-935D-DB94EAC45849}"
EndProject
Project("{FAE04EC0-301F-11D3-BF4B-00C04F79EFBC}") = "PlatformBackend.Service.Application", "services\platformbackend\PlatformBackend.Service.Application\PlatformBackend.Service.Application.csproj", "{71ECC40D-8608-419B-86CD-0B37F6A6ECF0}"
EndProject
Project("{FAE04EC0-301F-11D3-BF4B-00C04F79EFBC}") = "PlatformBackend.Service.Domain", "services\platformbackend\PlatformBackend.Service.Domain\PlatformBackend.Service.Domain.csproj", "{6226C7E3-90B0-45E4-8F9A-65C390ECF1AD}"
EndProject
Project("{FAE04EC0-301F-11D3-BF4B-00C04F79EFBC}") = "PlatformBackend.Service.Infrastructure", "services\platformbackend\PlatformBackend.Service.Infrastructure\PlatformBackend.Service.Infrastructure.csproj", "{F456B4FD-B138-4385-97F6-94D899A41647}"
EndProject
Project("{FAE04EC0-301F-11D3-BF4B-00C04F79EFBC}") = "PlatformBackend.Service.Api", "services\platformbackend\PlatformBackend.Service.Api\PlatformBackend.Service.Api.csproj", "{3E555051-AC30-46B0-BFEC-AE64944AC805}"
EndProject
Project("{2150E333-8FDC-42A3-9474-1A3956D46DE8}") = "building-blocks", "building-blocks", "{AA33CD84-04AF-4274-B0E8-38AE01D08722}"
EndProject
Project("{FAE04EC0-301F-11D3-BF4B-00C04F79EFBC}") = "BuildingBlocks.Common", "building-blocks\BuildingBlocks.Common\BuildingBlocks.Common.csproj", "{308313E3-C299-4C43-8828-514705466A39}"
EndProject
Project("{FAE04EC0-301F-11D3-BF4B-00C04F79EFBC}") = "BuildingBlocks.SharedKernel", "building-blocks\BuildingBlocks.SharedKernel\BuildingBlocks.SharedKernel.csproj", "{F5221F55-2038-41E5-8DC4-D13BC4F60F8F}"
EndProject
Project("{2150E333-8FDC-42A3-9474-1A3956D46DE8}") = "tests", "tests", "{96B573EC-F58A-43E6-98F7-190775F76205}"
EndProject
Project("{FAE04EC0-301F-11D3-BF4B-00C04F79EFBC}") = "BuildingBlocks.Tests", "tests\BuildingBlocks.Tests\BuildingBlocks.Tests.csproj", "{FA7BDF2A-64D1-4F24-B48E-B2935783D197}"
EndProject
Global
	GlobalSection(SolutionConfigurationPlatforms) = preSolution
		Debug|Any CPU = Debug|Any CPU
		Release|Any CPU = Release|Any CPU
	EndGlobalSection
	GlobalSection(SolutionProperties) = preSolution
		HideSolutionNode = FALSE
	EndGlobalSection
	GlobalSection(ProjectConfigurationPlatforms) = postSolution
		{9B63DB5D-FD1C-457E-9C3C-18E0FECC187E}.Debug|Any CPU.ActiveCfg = Debug|Any CPU
		{9B63DB5D-FD1C-457E-9C3C-18E0FECC187E}.Debug|Any CPU.Build.0 = Debug|Any CPU
		{9B63DB5D-FD1C-457E-9C3C-18E0FECC187E}.Release|Any CPU.ActiveCfg = Release|Any CPU
		{9B63DB5D-FD1C-457E-9C3C-18E0FECC187E}.Release|Any CPU.Build.0 = Release|Any CPU
		{78F8AC61-FF4E-4DE4-9BA3-D4138E90CBBA}.Debug|Any CPU.ActiveCfg = Debug|Any CPU
		{78F8AC61-FF4E-4DE4-9BA3-D4138E90CBBA}.Debug|Any CPU.Build.0 = Debug|Any CPU
		{78F8AC61-FF4E-4DE4-9BA3-D4138E90CBBA}.Release|Any CPU.ActiveCfg = Release|Any CPU
		{78F8AC61-FF4E-4DE4-9BA3-D4138E90CBBA}.Release|Any CPU.Build.0 = Release|Any CPU
		{7E03B570-BB53-4794-958C-C0E9C124D5C1}.Debug|Any CPU.ActiveCfg = Debug|Any CPU
		{7E03B570-BB53-4794-958C-C0E9C124D5C1}.Debug|Any CPU.Build.0 = Debug|Any CPU
		{7E03B570-BB53-4794-958C-C0E9C124D5C1}.Release|Any CPU.ActiveCfg = Release|Any CPU
		{7E03B570-BB53-4794-958C-C0E9C124D5C1}.Release|Any CPU.Build.0 = Release|Any CPU
		{75ED17D7-7934-48B4-9D2C-CD7428B8381C}.Debug|Any CPU.ActiveCfg = Debug|Any CPU
		{75ED17D7-7934-48B4-9D2C-CD7428B8381C}.Debug|Any CPU.Build.0 = Debug|Any CPU
		{75ED17D7-7934-48B4-9D2C-CD7428B8381C}.Release|Any CPU.ActiveCfg = Release|Any CPU
		{75ED17D7-7934-48B4-9D2C-CD7428B8381C}.Release|Any CPU.Build.0 = Release|Any CPU
		{867F8A67-B865-4125-93B8-0D518443AE55}.Debug|Any CPU.ActiveCfg = Debug|Any CPU
		{867F8A67-B865-4125-93B8-0D518443AE55}.Debug|Any CPU.Build.0 = Debug|Any CPU
		{867F8A67-B865-4125-93B8-0D518443AE55}.Release|Any CPU.ActiveCfg = Release|Any CPU
		{867F8A67-B865-4125-93B8-0D518443AE55}.Release|Any CPU.Build.0 = Release|Any CPU
		{31471272-2031-4B96-9AE8-F01B2BD93D66}.Debug|Any CPU.ActiveCfg = Debug|Any CPU
		{31471272-2031-4B96-9AE8-F01B2BD93D66}.Debug|Any CPU.Build.0 = Debug|Any CPU
		{31471272-2031-4B96-9AE8-F01B2BD93D66}.Release|Any CPU.ActiveCfg = Release|Any CPU
		{31471272-2031-4B96-9AE8-F01B2BD93D66}.Release|Any CPU.Build.0 = Release|Any CPU
		{D0014ACC-98FE-4903-9B08-146545470FA9}.Debug|Any CPU.ActiveCfg = Debug|Any CPU
		{D0014ACC-98FE-4903-9B08-146545470FA9}.Debug|Any CPU.Build.0 = Debug|Any CPU
		{D0014ACC-98FE-4903-9B08-146545470FA9}.Release|Any CPU.ActiveCfg = Release|Any CPU
		{D0014ACC-98FE-4903-9B08-146545470FA9}.Release|Any CPU.Build.0 = Release|Any CPU
		{1C5A8574-DCF1-40EA-8F6F-10C76BE4F8B2}.Debug|Any CPU.ActiveCfg = Debug|Any CPU
		{1C5A8574-DCF1-40EA-8F6F-10C76BE4F8B2}.Debug|Any CPU.Build.0 = Debug|Any CPU
		{1C5A8574-DCF1-40EA-8F6F-10C76BE4F8B2}.Release|Any CPU.ActiveCfg = Release|Any CPU
		{1C5A8574-DCF1-40EA-8F6F-10C76BE4F8B2}.Release|Any CPU.Build.0 = Release|Any CPU
		{E583ED68-A571-48BB-B2B2-BED858EADCD0}.Debug|Any CPU.ActiveCfg = Debug|Any CPU
		{E583ED68-A571-48BB-B2B2-BED858EADCD0}.Debug|Any CPU.Build.0 = Debug|Any CPU
		{E583ED68-A571-48BB-B2B2-BED858EADCD0}.Release|Any CPU.ActiveCfg = Release|Any CPU
		{E583ED68-A571-48BB-B2B2-BED858EADCD0}.Release|Any CPU.Build.0 = Release|Any CPU
		{3FD7CDF3-EF03-43E2-8F4B-D0A29540BEC2}.Debug|Any CPU.ActiveCfg = Debug|Any CPU
		{3FD7CDF3-EF03-43E2-8F4B-D0A29540BEC2}.Debug|Any CPU.Build.0 = Debug|Any CPU
		{3FD7CDF3-EF03-43E2-8F4B-D0A29540BEC2}.Release|Any CPU.ActiveCfg = Release|Any CPU
		{3FD7CDF3-EF03-43E2-8F4B-D0A29540BEC2}.Release|Any CPU.Build.0 = Release|Any CPU
		{9A3C5C7D-8244-4531-92D8-AEE2FFD9F5B0}.Debug|Any CPU.ActiveCfg = Debug|Any CPU
		{9A3C5C7D-8244-4531-92D8-AEE2FFD9F5B0}.Debug|Any CPU.Build.0 = Debug|Any CPU
		{9A3C5C7D-8244-4531-92D8-AEE2FFD9F5B0}.Release|Any CPU.ActiveCfg = Release|Any CPU
		{9A3C5C7D-8244-4531-92D8-AEE2FFD9F5B0}.Release|Any CPU.Build.0 = Release|Any CPU
		{E0413528-91AD-4F5D-8F24-5BD9EF924CB1}.Debug|Any CPU.ActiveCfg = Debug|Any CPU
		{E0413528-91AD-4F5D-8F24-5BD9EF924CB1}.Debug|Any CPU.Build.0 = Debug|Any CPU
		{E0413528-91AD-4F5D-8F24-5BD9EF924CB1}.Release|Any CPU.ActiveCfg = Release|Any CPU
		{E0413528-91AD-4F5D-8F24-5BD9EF924CB1}.Release|Any CPU.Build.0 = Release|Any CPU
		{5A9EA1C6-EC49-47F0-B5D8-F512FA8464FA}.Debug|Any CPU.ActiveCfg = Debug|Any CPU
		{5A9EA1C6-EC49-47F0-B5D8-F512FA8464FA}.Debug|Any CPU.Build.0 = Debug|Any CPU
		{5A9EA1C6-EC49-47F0-B5D8-F512FA8464FA}.Release|Any CPU.ActiveCfg = Release|Any CPU
		{5A9EA1C6-EC49-47F0-B5D8-F512FA8464FA}.Release|Any CPU.Build.0 = Release|Any CPU
		{86A13782-149C-4D2D-BA6B-D214B15C8307}.Debug|Any CPU.ActiveCfg = Debug|Any CPU
		{86A13782-149C-4D2D-BA6B-D214B15C8307}.Debug|Any CPU.Build.0 = Debug|Any CPU
		{86A13782-149C-4D2D-BA6B-D214B15C8307}.Release|Any CPU.ActiveCfg = Release|Any CPU
		{86A13782-149C-4D2D-BA6B-D214B15C8307}.Release|Any CPU.Build.0 = Release|Any CPU
		{6E946B99-C69A-433F-996D-E2B35F95DA94}.Debug|Any CPU.ActiveCfg = Debug|Any CPU
		{6E946B99-C69A-433F-996D-E2B35F95DA94}.Debug|Any CPU.Build.0 = Debug|Any CPU
		{6E946B99-C69A-433F-996D-E2B35F95DA94}.Release|Any CPU.ActiveCfg = Release|Any CPU
		{6E946B99-C69A-433F-996D-E2B35F95DA94}.Release|Any CPU.Build.0 = Release|Any CPU
		{71ECC40D-8608-419B-86CD-0B37F6A6ECF0}.Debug|Any CPU.ActiveCfg = Debug|Any CPU
		{71ECC40D-8608-419B-86CD-0B37F6A6ECF0}.Debug|Any CPU.Build.0 = Debug|Any CPU
		{71ECC40D-8608-419B-86CD-0B37F6A6ECF0}.Release|Any CPU.ActiveCfg = Release|Any CPU
		{71ECC40D-8608-419B-86CD-0B37F6A6ECF0}.Release|Any CPU.Build.0 = Release|Any CPU
		{6226C7E3-90B0-45E4-8F9A-65C390ECF1AD}.Debug|Any CPU.ActiveCfg = Debug|Any CPU
		{6226C7E3-90B0-45E4-8F9A-65C390ECF1AD}.Debug|Any CPU.Build.0 = Debug|Any CPU
		{6226C7E3-90B0-45E4-8F9A-65C390ECF1AD}.Release|Any CPU.ActiveCfg = Release|Any CPU
		{6226C7E3-90B0-45E4-8F9A-65C390ECF1AD}.Release|Any CPU.Build.0 = Release|Any CPU
		{F456B4FD-B138-4385-97F6-94D899A41647}.Debug|Any CPU.ActiveCfg = Debug|Any CPU
		{F456B4FD-B138-4385-97F6-94D899A41647}.Debug|Any CPU.Build.0 = Debug|Any CPU
		{F456B4FD-B138-4385-97F6-94D899A41647}.Release|Any CPU.ActiveCfg = Release|Any CPU
		{F456B4FD-B138-4385-97F6-94D899A41647}.Release|Any CPU.Build.0 = Release|Any CPU
		{3E555051-AC30-46B0-BFEC-AE64944AC805}.Debug|Any CPU.ActiveCfg = Debug|Any CPU
		{3E555051-AC30-46B0-BFEC-AE64944AC805}.Debug|Any CPU.Build.0 = Debug|Any CPU
		{3E555051-AC30-46B0-BFEC-AE64944AC805}.Release|Any CPU.ActiveCfg = Release|Any CPU
		{3E555051-AC30-46B0-BFEC-AE64944AC805}.Release|Any CPU.Build.0 = Release|Any CPU
		{308313E3-C299-4C43-8828-514705466A39}.Debug|Any CPU.ActiveCfg = Debug|Any CPU
		{308313E3-C299-4C43-8828-514705466A39}.Debug|Any CPU.Build.0 = Debug|Any CPU
		{308313E3-C299-4C43-8828-514705466A39}.Release|Any CPU.ActiveCfg = Release|Any CPU
		{308313E3-C299-4C43-8828-514705466A39}.Release|Any CPU.Build.0 = Release|Any CPU
		{F5221F55-2038-41E5-8DC4-D13BC4F60F8F}.Debug|Any CPU.ActiveCfg = Debug|Any CPU
		{F5221F55-2038-41E5-8DC4-D13BC4F60F8F}.Debug|Any CPU.Build.0 = Debug|Any CPU
		{F5221F55-2038-41E5-8DC4-D13BC4F60F8F}.Release|Any CPU.ActiveCfg = Release|Any CPU
		{F5221F55-2038-41E5-8DC4-D13BC4F60F8F}.Release|Any CPU.Build.0 = Release|Any CPU
		{FA7BDF2A-64D1-4F24-B48E-B2935783D197}.Debug|Any CPU.ActiveCfg = Debug|Any CPU
		{FA7BDF2A-64D1-4F24-B48E-B2935783D197}.Debug|Any CPU.Build.0 = Debug|Any CPU
		{FA7BDF2A-64D1-4F24-B48E-B2935783D197}.Release|Any CPU.ActiveCfg = Release|Any CPU
		{FA7BDF2A-64D1-4F24-B48E-B2935783D197}.Release|Any CPU.Build.0 = Release|Any CPU
	EndGlobalSection
	GlobalSection(NestedProjects) = preSolution
		{9BB2862E-4EB2-4BDE-A3F0-774137C1E0EB} = {2DF41D8E-8553-4160-A405-3064CC5008BE}
		{9B63DB5D-FD1C-457E-9C3C-18E0FECC187E} = {9BB2862E-4EB2-4BDE-A3F0-774137C1E0EB}
		{78F8AC61-FF4E-4DE4-9BA3-D4138E90CBBA} = {9BB2862E-4EB2-4BDE-A3F0-774137C1E0EB}
		{7E03B570-BB53-4794-958C-C0E9C124D5C1} = {9BB2862E-4EB2-4BDE-A3F0-774137C1E0EB}
		{0DAC688F-9A79-4F45-8241-5C2EA3FCFD8B} = {2DF41D8E-8553-4160-A405-3064CC5008BE}
		{75ED17D7-7934-48B4-9D2C-CD7428B8381C} = {0DAC688F-9A79-4F45-8241-5C2EA3FCFD8B}
		{867F8A67-B865-4125-93B8-0D518443AE55} = {0DAC688F-9A79-4F45-8241-5C2EA3FCFD8B}
		{31471272-2031-4B96-9AE8-F01B2BD93D66} = {0DAC688F-9A79-4F45-8241-5C2EA3FCFD8B}
		{D0014ACC-98FE-4903-9B08-146545470FA9} = {0DAC688F-9A79-4F45-8241-5C2EA3FCFD8B}
		{8765081F-BAE1-45A7-9AEA-9DAD529C688C} = {2DF41D8E-8553-4160-A405-3064CC5008BE}
		{1C5A8574-DCF1-40EA-8F6F-10C76BE4F8B2} = {8765081F-BAE1-45A7-9AEA-9DAD529C688C}
		{E583ED68-A571-48BB-B2B2-BED858EADCD0} = {8765081F-BAE1-45A7-9AEA-9DAD529C688C}
		{3FD7CDF3-EF03-43E2-8F4B-D0A29540BEC2} = {8765081F-BAE1-45A7-9AEA-9DAD529C688C}
		{9A3C5C7D-8244-4531-92D8-AEE2FFD9F5B0} = {8765081F-BAE1-45A7-9AEA-9DAD529C688C}
		{56897500-3E30-4F97-8AD3-FF8407AC6FEE} = {2DF41D8E-8553-4160-A405-3064CC5008BE}
		{E0413528-91AD-4F5D-8F24-5BD9EF924CB1} = {56897500-3E30-4F97-8AD3-FF8407AC6FEE}
		{5A9EA1C6-EC49-47F0-B5D8-F512FA8464FA} = {56897500-3E30-4F97-8AD3-FF8407AC6FEE}
		{86A13782-149C-4D2D-BA6B-D214B15C8307} = {56897500-3E30-4F97-8AD3-FF8407AC6FEE}
		{6E946B99-C69A-433F-996D-E2B35F95DA94} = {56897500-3E30-4F97-8AD3-FF8407AC6FEE}
		{88C3B453-29C7-46F7-935D-DB94EAC45849} = {2DF41D8E-8553-4160-A405-3064CC5008BE}
		{71ECC40D-8608-419B-86CD-0B37F6A6ECF0} = {88C3B453-29C7-46F7-935D-DB94EAC45849}
		{6226C7E3-90B0-45E4-8F9A-65C390ECF1AD} = {88C3B453-29C7-46F7-935D-DB94EAC45849}
		{F456B4FD-B138-4385-97F6-94D899A41647} = {88C3B453-29C7-46F7-935D-DB94EAC45849}
		{3E555051-AC30-46B0-BFEC-AE64944AC805} = {88C3B453-29C7-46F7-935D-DB94EAC45849}
		{308313E3-C299-4C43-8828-514705466A39} = {AA33CD84-04AF-4274-B0E8-38AE01D08722}
		{F5221F55-2038-41E5-8DC4-D13BC4F60F8F} = {AA33CD84-04AF-4274-B0E8-38AE01D08722}
		{FA7BDF2A-64D1-4F24-B48E-B2935783D197} = {96B573EC-F58A-43E6-98F7-190775F76205}
	EndGlobalSection
EndGlobal
